
Microsoft Visual Studio Solution File, Format Version 12.00
# Visual Studio Version 17
VisualStudioVersion = 17.0.31912.275
MinimumVisualStudioVersion = 10.0.40219.1
Project("{8BC9CEB8-8B4A-11D0-8D11-00A0C91BC942}") = "1. HelloWorld", "1. HelloWorld\1. HelloWorld.vcxproj", "{7BD2C772-82EE-425C-899C-0D6FB3914E32}"
EndProject
Project("{8BC9CEB8-8B4A-11D0-8D11-00A0C91BC942}") = "2. BaseTypes", "2. BaseTypes\2. BaseTypes.vcxproj", "{13E63453-7C65-449D-9ED5-BD4379B7F715}"
EndProject
Project("{8BC9CEB8-8B4A-11D0-8D11-00A0C91BC942}") = "3. OperationWithBasicTypes", "3. OperationWithBasicTypes\3. OperationWithBasicTypes.vcxproj", "{D6144CBD-FC9A-428F-9BDE-D57C9D7C7E8B}"
EndProject
Project("{8BC9CEB8-8B4A-11D0-8D11-00A0C91BC942}") = "4. ContainerOperations", "4. ContainerOperations\4. ContainerOperations.vcxproj", "{43226196-F89C-46C3-9BC0-BD3678E0D709}"
EndProject
Project("{8BC9CEB8-8B4A-11D0-8D11-00A0C91BC942}") = "5. InputOutput", "5. InputOutput\5. InputOutput.vcxproj", "{A333780E-F467-4DD5-BF6B-CC8FCF781363}"
EndProject
Project("{8BC9CEB8-8B4A-11D0-8D11-00A0C91BC942}") = "6. IfStatementsLoopsCommentsShortReview", "6. IfStatementsLoopsCommentsShortReview\6. IfStatementsLoopsCommentsShortReview.vcxproj", "{BB3F4E8E-1866-46FD-8C89-2E2494274BF2}"
EndProject
Project("{8BC9CEB8-8B4A-11D0-8D11-00A0C91BC942}") = "7. Homework1", "7. Homework1\7. Homework1.vcxproj", "{03E0F715-51FB-46A8-B77D-04BB9A64A300}"
EndProject
Project("{8BC9CEB8-8B4A-11D0-8D11-00A0C91BC942}") = "8. AssignmentOperator", "8. AssignmentOperator\8. AssignmentOperator.vcxproj", "{39FB305D-13C9-4667-9856-E92B329D91BA}"
EndProject
Project("{8BC9CEB8-8B4A-11D0-8D11-00A0C91BC942}") = "9. DivisionAndIncrement", "9. DivisionAndIncrement\9. DivisionAndIncrement.vcxproj", "{D84701EB-9B66-473C-A3DF-01F3F9BC7B00}"
EndProject
Project("{8BC9CEB8-8B4A-11D0-8D11-00A0C91BC942}") = "10. LogicOperations", "10. LogicOperations\10. LogicOperations.vcxproj", "{102B2B1B-E8C5-4DBB-B967-ED06E750F6F6}"
EndProject
Project("{8BC9CEB8-8B4A-11D0-8D11-00A0C91BC942}") = "11. Homework2", "11. Homework2\11. Homework2.vcxproj", "{FD3A1F16-BD8A-4BE3-928E-F0A04865E28F}"
EndProject
Project("{8BC9CEB8-8B4A-11D0-8D11-00A0C91BC942}") = "12. Homework3", "12. Homework3\12. Homework3.vcxproj", "{F55D095E-5419-47D0-A378-BB4949F14CC0}"
EndProject
Project("{8BC9CEB8-8B4A-11D0-8D11-00A0C91BC942}") = "13. Homework2TestAndDebug", "13. Homework2TestAndDebug\13. Homework2TestAndDebug.vcxproj", "{3BC80B4A-404C-45AD-B208-9F59ACE44551}"
EndProject
Project("{8BC9CEB8-8B4A-11D0-8D11-00A0C91BC942}") = "14. IfStatement", "14. IfStatement\14. IfStatement.vcxproj", "{9FCC7EA4-6577-4313-9568-F556C2AF0469}"
EndProject
Project("{8BC9CEB8-8B4A-11D0-8D11-00A0C91BC942}") = "15. WhileLoop", "15. WhileLoop\15. WhileLoop.vcxproj", "{C257FD22-8B62-4915-8726-50F1ED95B7D8}"
EndProject
Project("{8BC9CEB8-8B4A-11D0-8D11-00A0C91BC942}") = "16. ForLoop.Part1", "15. ForLoop.Part1\15. ForLoop.Part1.vcxproj", "{40379DA3-6C0C-4A8A-A440-E6E14A389D06}"
EndProject
Project("{8BC9CEB8-8B4A-11D0-8D11-00A0C91BC942}") = "17. ForLoop.Part2", "17. ForLoop.Part2\17. ForLoop.Part2.vcxproj", "{250F33C9-B14A-4710-9025-7F19A83624F7}"
EndProject
Project("{8BC9CEB8-8B4A-11D0-8D11-00A0C91BC942}") = "18. Homework4", "18. Homework4\18. Homework4.vcxproj", "{356FEF1D-567D-4285-A64B-D1EC36C33DB1}"
EndProject
Project("{8BC9CEB8-8B4A-11D0-8D11-00A0C91BC942}") = "19. Homework5", "19. Homework5\19. Homework5.vcxproj", "{02CEE222-CE1E-4AD6-948D-22CFA2A609EA}"
EndProject
Project("{8BC9CEB8-8B4A-11D0-8D11-00A0C91BC942}") = "20. Homework6", "20. Homework6\20. Homework6.vcxproj", "{0606F6A9-FAA3-4497-A5FF-4B0D01F345E5}"
EndProject
Project("{8BC9CEB8-8B4A-11D0-8D11-00A0C91BC942}") = "21. Homework7", "21. Homework7\21. Homework7.vcxproj", "{186E9DC2-3DE4-459B-9B8F-8F99EB5617CE}"
EndProject
Project("{8BC9CEB8-8B4A-11D0-8D11-00A0C91BC942}") = "22. Homework8", "22. Homework8\22. Homework8.vcxproj", "{F57A6BE1-0872-4B75-ABD2-AD20E9F5E828}"
EndProject
Project("{8BC9CEB8-8B4A-11D0-8D11-00A0C91BC942}") = "23. Homework9", "23. Homework9\23. Homework9.vcxproj", "{000CC22F-F012-47AC-BF91-D14E127A1048}"
EndProject
Project("{8BC9CEB8-8B4A-11D0-8D11-00A0C91BC942}") = "24. IntroductionToFunctions", "24. IntroductionToFunctions\24. IntroductionToFunctions.vcxproj", "{9BF697FC-BDB5-49D4-B4F5-4C3121B9D3B9}"
EndProject
Project("{8BC9CEB8-8B4A-11D0-8D11-00A0C91BC942}") = "25. PassingFunctionParametersByValue", "25. PassingFunctionParametersByValue\25. PassingFunctionParametersByValue.vcxproj", "{2ECE5157-4DB8-491A-8CE9-F5C862D8A399}"
EndProject
Project("{8BC9CEB8-8B4A-11D0-8D11-00A0C91BC942}") = "26. Homework10", "26. Homework10\26. Homework10.vcxproj", "{0DCF411B-7BCD-4AF8-843E-98049CE17FB1}"
EndProject
Project("{8BC9CEB8-8B4A-11D0-8D11-00A0C91BC942}") = "27. Homework11", "27. Homework11\27. Homework11.vcxproj", "{7EB15F95-0169-4F78-AF31-B3DD94119DFF}"
EndProject
Project("{8BC9CEB8-8B4A-11D0-8D11-00A0C91BC942}") = "28. Homework12", "28. Homework12\28. Homework12.vcxproj", "{3D5989BB-D460-4CFF-82E5-41D480BF20CE}"
EndProject
Project("{8BC9CEB8-8B4A-11D0-8D11-00A0C91BC942}") = "29. PassingFunctionParametersByReference", "29. PassingFunctionParametersByReference\29. PassingFunctionParametersByReference.vcxproj", "{CCBEA150-8EE9-4647-8A4C-A8D6F80D09D9}"
EndProject
Project("{8BC9CEB8-8B4A-11D0-8D11-00A0C91BC942}") = "30. PassingFunctionParametersByContReference", "30. PassingFunctionParametersByContReference\30. PassingFunctionParametersByContReference.vcxproj", "{A64D09CE-8FEE-4C8F-A51F-6A846300F154}"
EndProject
Project("{8BC9CEB8-8B4A-11D0-8D11-00A0C91BC942}") = "31. ConstAsProtectionFromAccidentalChanges", "31. ConstAsProtectionFromAccidentalChanges\31. ConstAsProtectionFromAccidentalChanges.vcxproj", "{3793F50F-7DD0-4870-95F7-A7ED9C2ED369}"
EndProject
Project("{8BC9CEB8-8B4A-11D0-8D11-00A0C91BC942}") = "32. Homework13", "32. Homework13\32. Homework13.vcxproj", "{F56D02A7-169F-4F25-AAF8-86FC0C1E6C5F}"
EndProject
Project("{8BC9CEB8-8B4A-11D0-8D11-00A0C91BC942}") = "33. Homework14", "33. Homework14\33. Homework14.vcxproj", "{CAF87502-F4E1-400B-AF3C-2D0AA06ED600}"
EndProject
Project("{8BC9CEB8-8B4A-11D0-8D11-00A0C91BC942}") = "34. Homework15", "34. Homework15\34. Homework15.vcxproj", "{2493E680-8ED7-44FE-887D-35AA772D16E9}"
EndProject
Project("{8BC9CEB8-8B4A-11D0-8D11-00A0C91BC942}") = "35. Homework16", "35. Homework16\35. Homework16.vcxproj", "{81EC40E5-27B4-46A1-862F-002F3B327BA2}"
EndProject
Project("{2150E333-8FDC-42A3-9474-1A3956D46DE8}") = "WeekSheets", "WeekSheets", "{FF83B25C-33EE-4E43-89F6-0C3D03C61B40}"
	ProjectSection(SolutionItems) = preProject
		C:\Users\vovas\OneDrive\Рабочий стол\W1P4.pdf = C:\Users\vovas\OneDrive\Рабочий стол\W1P4.pdf
		C:\Users\vovas\OneDrive\Рабочий стол\W2P1.pdf = C:\Users\vovas\OneDrive\Рабочий стол\W2P1.pdf
		C:\Users\vovas\OneDrive\Рабочий стол\W2P2.pdf = C:\Users\vovas\OneDrive\Рабочий стол\W2P2.pdf
		C:\Users\vovas\OneDrive\Рабочий стол\W3P1.pdf = C:\Users\vovas\OneDrive\Рабочий стол\W3P1.pdf
		C:\Users\vovas\OneDrive\Рабочий стол\W3P2.pdf = C:\Users\vovas\OneDrive\Рабочий стол\W3P2.pdf
		C:\Users\vovas\OneDrive\Рабочий стол\W3P3.pdf = C:\Users\vovas\OneDrive\Рабочий стол\W3P3.pdf
		C:\Users\vovas\OneDrive\Рабочий стол\W4P1.pdf = C:\Users\vovas\OneDrive\Рабочий стол\W4P1.pdf
		C:\Users\vovas\OneDrive\Рабочий стол\W4P2.pdf = C:\Users\vovas\OneDrive\Рабочий стол\W4P2.pdf
		C:\Users\vovas\OneDrive\Рабочий стол\W4P3.pdf = C:\Users\vovas\OneDrive\Рабочий стол\W4P3.pdf
		C:\Users\vovas\OneDrive\Рабочий стол\W4P4.pdf = C:\Users\vovas\OneDrive\Рабочий стол\W4P4.pdf
	EndProjectSection
EndProject
Project("{8BC9CEB8-8B4A-11D0-8D11-00A0C91BC942}") = "36. Vectors. Part1", "36. Vectors. Part1\36. Vectors. Part1.vcxproj", "{BCE3C1E9-7A2A-49E8-8BA7-D253C36A0448}"
EndProject
Project("{8BC9CEB8-8B4A-11D0-8D11-00A0C91BC942}") = "37. Vectors. Part2", "37. Vectors. Part2\37. Vectors. Part2.vcxproj", "{A4F62FE1-12B5-405A-AA78-6029DE3AC4F9}"
EndProject
Project("{8BC9CEB8-8B4A-11D0-8D11-00A0C91BC942}") = "38. Homework17", "38. Homework17\38. Homework17.vcxproj", "{E8160934-D63B-4AD8-A8E1-4418B36817D6}"
EndProject
Project("{8BC9CEB8-8B4A-11D0-8D11-00A0C91BC942}") = "39. Homework18", "39. Homework18\39. Homework18.vcxproj", "{BF8217E8-A2AB-4D7B-9F57-F22A3A955885}"
EndProject
Project("{8BC9CEB8-8B4A-11D0-8D11-00A0C91BC942}") = "40. Homework19", "40. Homework19\40. Homework19.vcxproj", "{E7EF21B3-8B71-427D-84EF-8761A804A9D8}"
EndProject
Project("{8BC9CEB8-8B4A-11D0-8D11-00A0C91BC942}") = "41. Homework19_1", "41. Homework19_1\41. Homework19_1.vcxproj", "{F6F850B3-BCC5-4837-97E4-1BA48CBD2F68}"
EndProject
Project("{8BC9CEB8-8B4A-11D0-8D11-00A0C91BC942}") = "42. Maps. Part1", "42. Maps. Part1\42. Maps. Part1.vcxproj", "{44ABB3F0-1046-48ED-80AE-789BBAC0CCE6}"
EndProject
Project("{8BC9CEB8-8B4A-11D0-8D11-00A0C91BC942}") = "43. Maps. Part2", "43. Maps. Part2\43. Maps. Part2.vcxproj", "{DEF8F579-38DB-48CA-A3C2-EEA842DE58CB}"
EndProject
Project("{8BC9CEB8-8B4A-11D0-8D11-00A0C91BC942}") = "44. MapsC++17Changes", "44. MapsC++17Changes\44. MapsC++17Changes.vcxproj", "{BAD934AB-6B4E-4203-B6EE-325D8AA440A4}"
EndProject
Project("{8BC9CEB8-8B4A-11D0-8D11-00A0C91BC942}") = "45. Homework20", "45. Homework20\45. Homework20.vcxproj", "{0871BEAF-77C9-445C-97E4-49BD9CADD997}"
EndProject
Project("{8BC9CEB8-8B4A-11D0-8D11-00A0C91BC942}") = "46. Homework21", "46. Homework21\46. Homework21.vcxproj", "{1F03E5AB-3530-49CB-89B3-9AA37EBD83D5}"
EndProject
Project("{8BC9CEB8-8B4A-11D0-8D11-00A0C91BC942}") = "47. Homework22", "47. Homework22\47. Homework22.vcxproj", "{E5C6D458-DB17-4D64-B2DB-F181FE16E3DF}"
EndProject
Project("{8BC9CEB8-8B4A-11D0-8D11-00A0C91BC942}") = "48. Homework23", "48. Homework23\48. Homework23.vcxproj", "{8F9B01DC-0056-4742-9444-CC3D1F2A6F7C}"
EndProject
Project("{8BC9CEB8-8B4A-11D0-8D11-00A0C91BC942}") = "49. Set. Part1", "49. Set. Part1\49. Set. Part1.vcxproj", "{91382416-2C1C-404E-A865-BA3BB1D197BF}"
EndProject
Project("{8BC9CEB8-8B4A-11D0-8D11-00A0C91BC942}") = "50. Set. Part2", "50. Set. Part2\50. Set. Part2.vcxproj", "{DDBC7310-679A-4DC6-9FFE-86B4E50C3B53}"
EndProject
Project("{8BC9CEB8-8B4A-11D0-8D11-00A0C91BC942}") = "51. Homework24", "50. Homework24\50. Homework24.vcxproj", "{7E8D8BBB-1C1F-4363-B013-A789AFB5E81A}"
EndProject
Project("{8BC9CEB8-8B4A-11D0-8D11-00A0C91BC942}") = "52. Homework25", "52. Homework25\52. Homework25.vcxproj", "{48880B43-776E-4698-B572-D893AB769DFD}"
EndProject
Project("{8BC9CEB8-8B4A-11D0-8D11-00A0C91BC942}") = "53. Homework26", "53. Homework26\53. Homework26.vcxproj", "{000C89BC-F4F5-48EA-B82C-F5091F71CCC0}"
EndProject
Project("{8BC9CEB8-8B4A-11D0-8D11-00A0C91BC942}") = "54. Homework27", "54. Homework27\54. Homework27.vcxproj", "{CFF53A7B-9D7B-442B-9AAD-9CCE0B1F09C2}"
EndProject
Project("{8BC9CEB8-8B4A-11D0-8D11-00A0C91BC942}") = "55. FunctionsMinMaxSort", "55. FunctionsMinMaxSort\55. FunctionsMinMaxSort.vcxproj", "{3414EB49-697C-487F-A161-1EDC1964AB66}"
EndProject
Project("{8BC9CEB8-8B4A-11D0-8D11-00A0C91BC942}") = "56. CountAndCountIfLambdaExpressions", "56. CountAndCountIfLambdaExpressions\56. CountAndCountIfLambdaExpressions.vcxproj", "{5053CAD0-9F23-491B-9D01-0D86EBDC637D}"
EndProject
Project("{8BC9CEB8-8B4A-11D0-8D11-00A0C91BC942}") = "57. ModifyingRangeBaseFor", "57. ModifyingRangeBaseFor\57. ModifyingRangeBaseFor.vcxproj", "{F14885FD-FADC-411B-B563-817DA766AD85}"
EndProject
Project("{8BC9CEB8-8B4A-11D0-8D11-00A0C91BC942}") = "58. Homework28", "58. Homework28\58. Homework28.vcxproj", "{AE28C3CB-4C69-4F7F-B583-B15D11512369}"
EndProject
Project("{8BC9CEB8-8B4A-11D0-8D11-00A0C91BC942}") = "59. Homework29", "59. Homework29\59. Homework29.vcxproj", "{A6314C85-B1DC-46E0-BF2B-E4AD6E5FE20C}"
EndProject
Project("{8BC9CEB8-8B4A-11D0-8D11-00A0C91BC942}") = "60. Scope", "60. Scope\60. Scope.vcxproj", "{005B0B78-88C6-455D-AD27-C5BCE0F0EE4C}"
EndProject
Project("{8BC9CEB8-8B4A-11D0-8D11-00A0C91BC942}") = "61. VariableInitialization", "61. VariableInitialization\61. VariableInitialization.vcxproj", "{E1EFC85E-0475-4E4A-961F-FBCEC6528201}"
EndProject
Project("{8BC9CEB8-8B4A-11D0-8D11-00A0C91BC942}") = "62. Homework30", "62. Homework30\62. Homework30.vcxproj", "{20FD14C6-3B36-4B56-B797-1D09E3975AA6}"
EndProject
Project("{8BC9CEB8-8B4A-11D0-8D11-00A0C91BC942}") = "63. Homework31", "63. Homework31\63. Homework31.vcxproj", "{A6DF6777-B6EB-499F-BF8D-4B25FAA97B02}"
EndProject
Project("{8BC9CEB8-8B4A-11D0-8D11-00A0C91BC942}") = "64. Homework32", "64. Homework32\64. Homework32.vcxproj", "{B7499694-52CA-4415-A68D-58D6F0A1C797}"
EndProject
Project("{8BC9CEB8-8B4A-11D0-8D11-00A0C91BC942}") = "65. ConstMethods", "65. ConstMethods\65. ConstMethods.vcxproj", "{52166B1C-56FD-4F5F-AADA-2DEFA7D0A4F7}"
EndProject
Project("{8BC9CEB8-8B4A-11D0-8D11-00A0C91BC942}") = "66. Homework33", "66. Homework33\66. Homework33.vcxproj", "{E4D8C4D1-F5E7-406C-88B0-7E2A291C3525}"
EndProject
Project("{8BC9CEB8-8B4A-11D0-8D11-00A0C91BC942}") = "67. Homework34", "67. Homework34\67. Homework34.vcxproj", "{5BBD1494-C9AD-4986-975F-183CDAD9AF4C}"
EndProject
Project("{8BC9CEB8-8B4A-11D0-8D11-00A0C91BC942}") = "68. Homework35", "68. Homework35\68. Homework35.vcxproj", "{9742833F-6F15-4E6E-8842-B72EC08A56B4}"
EndProject
Project("{8BC9CEB8-8B4A-11D0-8D11-00A0C91BC942}") = "69. Destructors", "69. Destructors\69. Destructors.vcxproj", "{2E6A9550-F411-4C12-95EC-D5FD4249D49B}"
EndProject
Project("{8BC9CEB8-8B4A-11D0-8D11-00A0C91BC942}") = "70. ObjectsLifeSpan", "70. ObjectsLifeSpan\70. ObjectsLifeSpan.vcxproj", "{9DE74076-5E99-4D19-BDCE-0DCCC4213094}"
EndProject
Project("{8BC9CEB8-8B4A-11D0-8D11-00A0C91BC942}") = "71. DateStruct", "70. DateStruct\70. DateStruct.vcxproj", "{BF30A612-BFD3-408D-A037-6C400DD030A0}"
EndProject
Project("{8BC9CEB8-8B4A-11D0-8D11-00A0C91BC942}") = "72. Homework36", "72. Homework36\72. Homework36.vcxproj", "{113A4FA3-BAD2-47E1-9A1F-A6BF0499298B}"
EndProject
Project("{8BC9CEB8-8B4A-11D0-8D11-00A0C91BC942}") = "73. FunctionClassExample", "73. FunctionClassExample\73. FunctionClassExample.vcxproj", "{B0A25F04-038E-42C3-B488-F110EE545035}"
EndProject
Project("{8BC9CEB8-8B4A-11D0-8D11-00A0C91BC942}") = "74. Homework37", "74. Homework37\74. Homework37.vcxproj", "{9F5F2BA3-E113-4341-AB3C-F6479C7972A1}"
EndProject
Project("{8BC9CEB8-8B4A-11D0-8D11-00A0C91BC942}") = "75. Homework38", "75. Homework38\75. Homework38.vcxproj", "{2706D1C5-A60E-4A3C-9A2F-9C524D06EC44}"
EndProject
Project("{8BC9CEB8-8B4A-11D0-8D11-00A0C91BC942}") = "76. IOIntroduction", "76. IOIntroduction\76. IOIntroduction.vcxproj", "{461550E3-EE80-45C0-BAE3-B544D4EA45EC}"
EndProject
Project("{8BC9CEB8-8B4A-11D0-8D11-00A0C91BC942}") = "77. NeatIOCreation", "77. NeatIOCreation\77. NeatIOCreation.vcxproj", "{26C8EA9E-3590-469F-8209-EC3191948CDB}"
EndProject
Project("{8BC9CEB8-8B4A-11D0-8D11-00A0C91BC942}") = "78. ReadFileWithDelimeter", "78. ReadFileWithDelimeter\78. ReadFileWithDelimeter.vcxproj", "{605615B4-2248-49ED-ABE6-C2D9924C6315}"
EndProject
Project("{8BC9CEB8-8B4A-11D0-8D11-00A0C91BC942}") = "79. IOOperatorsEOFWriting", "79. IOOperatorsEOFWriting\79. IOOperatorsEOFWriting.vcxproj", "{01509C2C-7208-4279-B910-615EFFAE0910}"
EndProject
Project("{8BC9CEB8-8B4A-11D0-8D11-00A0C91BC942}") = "80. OutputDataFormatting", "80. OutputDataFormatting\80. OutputDataFormatting.vcxproj", "{4E497452-B476-4CC7-8011-9082236B83DD}"
EndProject
Project("{8BC9CEB8-8B4A-11D0-8D11-00A0C91BC942}") = "81. Homework39. Part1", "81. Homework39\81. Homework39.vcxproj", "{7366C722-5DE5-412B-BA4A-2A7053C10ED1}"
EndProject
Project("{8BC9CEB8-8B4A-11D0-8D11-00A0C91BC942}") = "81. Homework39. Part2", "81. Homework39. Part2\81. Homework39. Part2.vcxproj", "{8EC86975-9FAB-45B0-ADF4-A72D46651C5C}"
EndProject
Project("{8BC9CEB8-8B4A-11D0-8D11-00A0C91BC942}") = "82. Homework40", "82. Homework40\82. Homework40.vcxproj", "{9D694275-5239-4253-A796-1F4085CD1C19}"
EndProject
Project("{8BC9CEB8-8B4A-11D0-8D11-00A0C91BC942}") = "83. Homework41", "83. Homework41\83. Homework41.vcxproj", "{1DCAA018-FACE-4310-A53A-0FD913AD1539}"
EndProject
Project("{8BC9CEB8-8B4A-11D0-8D11-00A0C91BC942}") = "84. Homework42", "84. Homework42\84. Homework42.vcxproj", "{10F64075-6736-491F-948A-55CA3A458EB3}"
EndProject
Project("{8BC9CEB8-8B4A-11D0-8D11-00A0C91BC942}") = "85. OperatorOverload", "85. OperatorOverload\85. OperatorOverload.vcxproj", "{6236EA1D-0D83-4F0C-AD69-7A14D0D4CEE6}"
EndProject
Project("{8BC9CEB8-8B4A-11D0-8D11-00A0C91BC942}") = "86. OverloadOfPlusAndLessIntervalSorting", "86. OverloadOfPlusAndLessIntervalSorting\86. OverloadOfPlusAndLessIntervalSorting.vcxproj", "{F5B2C89B-3D35-455F-9B9A-C2DCE17C2D7E}"
EndProject
Project("{8BC9CEB8-8B4A-11D0-8D11-00A0C91BC942}") = "87. Homework43. Part1", "87. Homework43\87. Homework43.vcxproj", "{6EFDA07B-30BC-49B6-9213-7726C4E0BAD4}"
EndProject
Project("{8BC9CEB8-8B4A-11D0-8D11-00A0C91BC942}") = "88. Homework43. Part2", "88. Homework43. Part2\88. Homework43. Part2.vcxproj", "{4329655D-B80B-4530-AA9F-74BEC290A4FD}"
EndProject
Project("{8BC9CEB8-8B4A-11D0-8D11-00A0C91BC942}") = "89. Homework43. Part3", "89. Homework43. Part3\89. Homework43. Part3.vcxproj", "{FA38993A-02CA-4240-8F1D-60E0AFDE1E82}"
EndProject
Project("{8BC9CEB8-8B4A-11D0-8D11-00A0C91BC942}") = "90. Homework43. Part4", "90. Homework43. Part4\90. Homework43. Part4.vcxproj", "{B85B889F-5B82-49E8-B8E1-2EEE45E1E6FC}"
EndProject
Project("{8BC9CEB8-8B4A-11D0-8D11-00A0C91BC942}") = "91. Homework43. Part5", "91. Homework43. Part5\91. Homework43. Part5.vcxproj", "{990F1E67-36E4-4EF9-B59B-186A4C8D9E0D}"
EndProject
Project("{8BC9CEB8-8B4A-11D0-8D11-00A0C91BC942}") = "92. ExceptionsIntro", "92. ExceptionsIntro\92. ExceptionsIntro.vcxproj", "{88E70BF8-6D66-48D7-A6A0-048200DD00C1}"
EndProject
Project("{8BC9CEB8-8B4A-11D0-8D11-00A0C91BC942}") = "93. Homework44", "93. Homework44\93. Homework44.vcxproj", "{7471A2D0-984C-470B-9BE6-5BF782A02EDC}"
EndProject
Project("{8BC9CEB8-8B4A-11D0-8D11-00A0C91BC942}") = "94. Homework45", "94. Homework45\94. Homework45.vcxproj", "{428ECEE3-911D-4E59-A075-7FF5A6AD96C5}"
EndProject
Project("{8BC9CEB8-8B4A-11D0-8D11-00A0C91BC942}") = "95. Homework46", "95. Homework46\95. Homework46.vcxproj", "{F48A4CF8-A0D3-4E65-AC27-77532DDA7A48}"
EndProject
Project("{8BC9CEB8-8B4A-11D0-8D11-00A0C91BC942}") = "96. Homework47", "96. Homework47\96. Homework47.vcxproj", "{810602A4-2041-4235-8119-B5A228F97778}"
EndProject
Project("{8BC9CEB8-8B4A-11D0-8D11-00A0C91BC942}") = "97. FinalTask", "97. FinalTask\97. FinalTask.vcxproj", "{9272050E-DF0C-40ED-8342-0387E310C8F5}"
EndProject
Global
	GlobalSection(SolutionConfigurationPlatforms) = preSolution
		Debug|x64 = Debug|x64
		Debug|x86 = Debug|x86
		Release|x64 = Release|x64
		Release|x86 = Release|x86
	EndGlobalSection
	GlobalSection(ProjectConfigurationPlatforms) = postSolution
		{7BD2C772-82EE-425C-899C-0D6FB3914E32}.Debug|x64.ActiveCfg = Debug|x64
		{7BD2C772-82EE-425C-899C-0D6FB3914E32}.Debug|x64.Build.0 = Debug|x64
		{7BD2C772-82EE-425C-899C-0D6FB3914E32}.Debug|x86.ActiveCfg = Debug|Win32
		{7BD2C772-82EE-425C-899C-0D6FB3914E32}.Debug|x86.Build.0 = Debug|Win32
		{7BD2C772-82EE-425C-899C-0D6FB3914E32}.Release|x64.ActiveCfg = Release|x64
		{7BD2C772-82EE-425C-899C-0D6FB3914E32}.Release|x64.Build.0 = Release|x64
		{7BD2C772-82EE-425C-899C-0D6FB3914E32}.Release|x86.ActiveCfg = Release|Win32
		{7BD2C772-82EE-425C-899C-0D6FB3914E32}.Release|x86.Build.0 = Release|Win32
		{13E63453-7C65-449D-9ED5-BD4379B7F715}.Debug|x64.ActiveCfg = Debug|x64
		{13E63453-7C65-449D-9ED5-BD4379B7F715}.Debug|x64.Build.0 = Debug|x64
		{13E63453-7C65-449D-9ED5-BD4379B7F715}.Debug|x86.ActiveCfg = Debug|Win32
		{13E63453-7C65-449D-9ED5-BD4379B7F715}.Debug|x86.Build.0 = Debug|Win32
		{13E63453-7C65-449D-9ED5-BD4379B7F715}.Release|x64.ActiveCfg = Release|x64
		{13E63453-7C65-449D-9ED5-BD4379B7F715}.Release|x64.Build.0 = Release|x64
		{13E63453-7C65-449D-9ED5-BD4379B7F715}.Release|x86.ActiveCfg = Release|Win32
		{13E63453-7C65-449D-9ED5-BD4379B7F715}.Release|x86.Build.0 = Release|Win32
		{D6144CBD-FC9A-428F-9BDE-D57C9D7C7E8B}.Debug|x64.ActiveCfg = Debug|x64
		{D6144CBD-FC9A-428F-9BDE-D57C9D7C7E8B}.Debug|x64.Build.0 = Debug|x64
		{D6144CBD-FC9A-428F-9BDE-D57C9D7C7E8B}.Debug|x86.ActiveCfg = Debug|Win32
		{D6144CBD-FC9A-428F-9BDE-D57C9D7C7E8B}.Debug|x86.Build.0 = Debug|Win32
		{D6144CBD-FC9A-428F-9BDE-D57C9D7C7E8B}.Release|x64.ActiveCfg = Release|x64
		{D6144CBD-FC9A-428F-9BDE-D57C9D7C7E8B}.Release|x64.Build.0 = Release|x64
		{D6144CBD-FC9A-428F-9BDE-D57C9D7C7E8B}.Release|x86.ActiveCfg = Release|Win32
		{D6144CBD-FC9A-428F-9BDE-D57C9D7C7E8B}.Release|x86.Build.0 = Release|Win32
		{43226196-F89C-46C3-9BC0-BD3678E0D709}.Debug|x64.ActiveCfg = Debug|x64
		{43226196-F89C-46C3-9BC0-BD3678E0D709}.Debug|x64.Build.0 = Debug|x64
		{43226196-F89C-46C3-9BC0-BD3678E0D709}.Debug|x86.ActiveCfg = Debug|Win32
		{43226196-F89C-46C3-9BC0-BD3678E0D709}.Debug|x86.Build.0 = Debug|Win32
		{43226196-F89C-46C3-9BC0-BD3678E0D709}.Release|x64.ActiveCfg = Release|x64
		{43226196-F89C-46C3-9BC0-BD3678E0D709}.Release|x64.Build.0 = Release|x64
		{43226196-F89C-46C3-9BC0-BD3678E0D709}.Release|x86.ActiveCfg = Release|Win32
		{43226196-F89C-46C3-9BC0-BD3678E0D709}.Release|x86.Build.0 = Release|Win32
		{A333780E-F467-4DD5-BF6B-CC8FCF781363}.Debug|x64.ActiveCfg = Debug|x64
		{A333780E-F467-4DD5-BF6B-CC8FCF781363}.Debug|x64.Build.0 = Debug|x64
		{A333780E-F467-4DD5-BF6B-CC8FCF781363}.Debug|x86.ActiveCfg = Debug|Win32
		{A333780E-F467-4DD5-BF6B-CC8FCF781363}.Debug|x86.Build.0 = Debug|Win32
		{A333780E-F467-4DD5-BF6B-CC8FCF781363}.Release|x64.ActiveCfg = Release|x64
		{A333780E-F467-4DD5-BF6B-CC8FCF781363}.Release|x64.Build.0 = Release|x64
		{A333780E-F467-4DD5-BF6B-CC8FCF781363}.Release|x86.ActiveCfg = Release|Win32
		{A333780E-F467-4DD5-BF6B-CC8FCF781363}.Release|x86.Build.0 = Release|Win32
		{BB3F4E8E-1866-46FD-8C89-2E2494274BF2}.Debug|x64.ActiveCfg = Debug|x64
		{BB3F4E8E-1866-46FD-8C89-2E2494274BF2}.Debug|x64.Build.0 = Debug|x64
		{BB3F4E8E-1866-46FD-8C89-2E2494274BF2}.Debug|x86.ActiveCfg = Debug|Win32
		{BB3F4E8E-1866-46FD-8C89-2E2494274BF2}.Debug|x86.Build.0 = Debug|Win32
		{BB3F4E8E-1866-46FD-8C89-2E2494274BF2}.Release|x64.ActiveCfg = Release|x64
		{BB3F4E8E-1866-46FD-8C89-2E2494274BF2}.Release|x64.Build.0 = Release|x64
		{BB3F4E8E-1866-46FD-8C89-2E2494274BF2}.Release|x86.ActiveCfg = Release|Win32
		{BB3F4E8E-1866-46FD-8C89-2E2494274BF2}.Release|x86.Build.0 = Release|Win32
		{03E0F715-51FB-46A8-B77D-04BB9A64A300}.Debug|x64.ActiveCfg = Debug|x64
		{03E0F715-51FB-46A8-B77D-04BB9A64A300}.Debug|x64.Build.0 = Debug|x64
		{03E0F715-51FB-46A8-B77D-04BB9A64A300}.Debug|x86.ActiveCfg = Debug|Win32
		{03E0F715-51FB-46A8-B77D-04BB9A64A300}.Debug|x86.Build.0 = Debug|Win32
		{03E0F715-51FB-46A8-B77D-04BB9A64A300}.Release|x64.ActiveCfg = Release|x64
		{03E0F715-51FB-46A8-B77D-04BB9A64A300}.Release|x64.Build.0 = Release|x64
		{03E0F715-51FB-46A8-B77D-04BB9A64A300}.Release|x86.ActiveCfg = Release|Win32
		{03E0F715-51FB-46A8-B77D-04BB9A64A300}.Release|x86.Build.0 = Release|Win32
		{39FB305D-13C9-4667-9856-E92B329D91BA}.Debug|x64.ActiveCfg = Debug|x64
		{39FB305D-13C9-4667-9856-E92B329D91BA}.Debug|x64.Build.0 = Debug|x64
		{39FB305D-13C9-4667-9856-E92B329D91BA}.Debug|x86.ActiveCfg = Debug|Win32
		{39FB305D-13C9-4667-9856-E92B329D91BA}.Debug|x86.Build.0 = Debug|Win32
		{39FB305D-13C9-4667-9856-E92B329D91BA}.Release|x64.ActiveCfg = Release|x64
		{39FB305D-13C9-4667-9856-E92B329D91BA}.Release|x64.Build.0 = Release|x64
		{39FB305D-13C9-4667-9856-E92B329D91BA}.Release|x86.ActiveCfg = Release|Win32
		{39FB305D-13C9-4667-9856-E92B329D91BA}.Release|x86.Build.0 = Release|Win32
		{D84701EB-9B66-473C-A3DF-01F3F9BC7B00}.Debug|x64.ActiveCfg = Debug|x64
		{D84701EB-9B66-473C-A3DF-01F3F9BC7B00}.Debug|x64.Build.0 = Debug|x64
		{D84701EB-9B66-473C-A3DF-01F3F9BC7B00}.Debug|x86.ActiveCfg = Debug|Win32
		{D84701EB-9B66-473C-A3DF-01F3F9BC7B00}.Debug|x86.Build.0 = Debug|Win32
		{D84701EB-9B66-473C-A3DF-01F3F9BC7B00}.Release|x64.ActiveCfg = Release|x64
		{D84701EB-9B66-473C-A3DF-01F3F9BC7B00}.Release|x64.Build.0 = Release|x64
		{D84701EB-9B66-473C-A3DF-01F3F9BC7B00}.Release|x86.ActiveCfg = Release|Win32
		{D84701EB-9B66-473C-A3DF-01F3F9BC7B00}.Release|x86.Build.0 = Release|Win32
		{102B2B1B-E8C5-4DBB-B967-ED06E750F6F6}.Debug|x64.ActiveCfg = Debug|x64
		{102B2B1B-E8C5-4DBB-B967-ED06E750F6F6}.Debug|x64.Build.0 = Debug|x64
		{102B2B1B-E8C5-4DBB-B967-ED06E750F6F6}.Debug|x86.ActiveCfg = Debug|Win32
		{102B2B1B-E8C5-4DBB-B967-ED06E750F6F6}.Debug|x86.Build.0 = Debug|Win32
		{102B2B1B-E8C5-4DBB-B967-ED06E750F6F6}.Release|x64.ActiveCfg = Release|x64
		{102B2B1B-E8C5-4DBB-B967-ED06E750F6F6}.Release|x64.Build.0 = Release|x64
		{102B2B1B-E8C5-4DBB-B967-ED06E750F6F6}.Release|x86.ActiveCfg = Release|Win32
		{102B2B1B-E8C5-4DBB-B967-ED06E750F6F6}.Release|x86.Build.0 = Release|Win32
		{FD3A1F16-BD8A-4BE3-928E-F0A04865E28F}.Debug|x64.ActiveCfg = Debug|x64
		{FD3A1F16-BD8A-4BE3-928E-F0A04865E28F}.Debug|x64.Build.0 = Debug|x64
		{FD3A1F16-BD8A-4BE3-928E-F0A04865E28F}.Debug|x86.ActiveCfg = Debug|Win32
		{FD3A1F16-BD8A-4BE3-928E-F0A04865E28F}.Debug|x86.Build.0 = Debug|Win32
		{FD3A1F16-BD8A-4BE3-928E-F0A04865E28F}.Release|x64.ActiveCfg = Release|x64
		{FD3A1F16-BD8A-4BE3-928E-F0A04865E28F}.Release|x64.Build.0 = Release|x64
		{FD3A1F16-BD8A-4BE3-928E-F0A04865E28F}.Release|x86.ActiveCfg = Release|Win32
		{FD3A1F16-BD8A-4BE3-928E-F0A04865E28F}.Release|x86.Build.0 = Release|Win32
		{F55D095E-5419-47D0-A378-BB4949F14CC0}.Debug|x64.ActiveCfg = Debug|x64
		{F55D095E-5419-47D0-A378-BB4949F14CC0}.Debug|x64.Build.0 = Debug|x64
		{F55D095E-5419-47D0-A378-BB4949F14CC0}.Debug|x86.ActiveCfg = Debug|Win32
		{F55D095E-5419-47D0-A378-BB4949F14CC0}.Debug|x86.Build.0 = Debug|Win32
		{F55D095E-5419-47D0-A378-BB4949F14CC0}.Release|x64.ActiveCfg = Release|x64
		{F55D095E-5419-47D0-A378-BB4949F14CC0}.Release|x64.Build.0 = Release|x64
		{F55D095E-5419-47D0-A378-BB4949F14CC0}.Release|x86.ActiveCfg = Release|Win32
		{F55D095E-5419-47D0-A378-BB4949F14CC0}.Release|x86.Build.0 = Release|Win32
		{3BC80B4A-404C-45AD-B208-9F59ACE44551}.Debug|x64.ActiveCfg = Debug|x64
		{3BC80B4A-404C-45AD-B208-9F59ACE44551}.Debug|x64.Build.0 = Debug|x64
		{3BC80B4A-404C-45AD-B208-9F59ACE44551}.Debug|x86.ActiveCfg = Debug|Win32
		{3BC80B4A-404C-45AD-B208-9F59ACE44551}.Debug|x86.Build.0 = Debug|Win32
		{3BC80B4A-404C-45AD-B208-9F59ACE44551}.Release|x64.ActiveCfg = Release|x64
		{3BC80B4A-404C-45AD-B208-9F59ACE44551}.Release|x64.Build.0 = Release|x64
		{3BC80B4A-404C-45AD-B208-9F59ACE44551}.Release|x86.ActiveCfg = Release|Win32
		{3BC80B4A-404C-45AD-B208-9F59ACE44551}.Release|x86.Build.0 = Release|Win32
		{9FCC7EA4-6577-4313-9568-F556C2AF0469}.Debug|x64.ActiveCfg = Debug|x64
		{9FCC7EA4-6577-4313-9568-F556C2AF0469}.Debug|x64.Build.0 = Debug|x64
		{9FCC7EA4-6577-4313-9568-F556C2AF0469}.Debug|x86.ActiveCfg = Debug|Win32
		{9FCC7EA4-6577-4313-9568-F556C2AF0469}.Debug|x86.Build.0 = Debug|Win32
		{9FCC7EA4-6577-4313-9568-F556C2AF0469}.Release|x64.ActiveCfg = Release|x64
		{9FCC7EA4-6577-4313-9568-F556C2AF0469}.Release|x64.Build.0 = Release|x64
		{9FCC7EA4-6577-4313-9568-F556C2AF0469}.Release|x86.ActiveCfg = Release|Win32
		{9FCC7EA4-6577-4313-9568-F556C2AF0469}.Release|x86.Build.0 = Release|Win32
		{C257FD22-8B62-4915-8726-50F1ED95B7D8}.Debug|x64.ActiveCfg = Debug|x64
		{C257FD22-8B62-4915-8726-50F1ED95B7D8}.Debug|x64.Build.0 = Debug|x64
		{C257FD22-8B62-4915-8726-50F1ED95B7D8}.Debug|x86.ActiveCfg = Debug|Win32
		{C257FD22-8B62-4915-8726-50F1ED95B7D8}.Debug|x86.Build.0 = Debug|Win32
		{C257FD22-8B62-4915-8726-50F1ED95B7D8}.Release|x64.ActiveCfg = Release|x64
		{C257FD22-8B62-4915-8726-50F1ED95B7D8}.Release|x64.Build.0 = Release|x64
		{C257FD22-8B62-4915-8726-50F1ED95B7D8}.Release|x86.ActiveCfg = Release|Win32
		{C257FD22-8B62-4915-8726-50F1ED95B7D8}.Release|x86.Build.0 = Release|Win32
		{40379DA3-6C0C-4A8A-A440-E6E14A389D06}.Debug|x64.ActiveCfg = Debug|x64
		{40379DA3-6C0C-4A8A-A440-E6E14A389D06}.Debug|x64.Build.0 = Debug|x64
		{40379DA3-6C0C-4A8A-A440-E6E14A389D06}.Debug|x86.ActiveCfg = Debug|Win32
		{40379DA3-6C0C-4A8A-A440-E6E14A389D06}.Debug|x86.Build.0 = Debug|Win32
		{40379DA3-6C0C-4A8A-A440-E6E14A389D06}.Release|x64.ActiveCfg = Release|x64
		{40379DA3-6C0C-4A8A-A440-E6E14A389D06}.Release|x64.Build.0 = Release|x64
		{40379DA3-6C0C-4A8A-A440-E6E14A389D06}.Release|x86.ActiveCfg = Release|Win32
		{40379DA3-6C0C-4A8A-A440-E6E14A389D06}.Release|x86.Build.0 = Release|Win32
		{250F33C9-B14A-4710-9025-7F19A83624F7}.Debug|x64.ActiveCfg = Debug|x64
		{250F33C9-B14A-4710-9025-7F19A83624F7}.Debug|x64.Build.0 = Debug|x64
		{250F33C9-B14A-4710-9025-7F19A83624F7}.Debug|x86.ActiveCfg = Debug|Win32
		{250F33C9-B14A-4710-9025-7F19A83624F7}.Debug|x86.Build.0 = Debug|Win32
		{250F33C9-B14A-4710-9025-7F19A83624F7}.Release|x64.ActiveCfg = Release|x64
		{250F33C9-B14A-4710-9025-7F19A83624F7}.Release|x64.Build.0 = Release|x64
		{250F33C9-B14A-4710-9025-7F19A83624F7}.Release|x86.ActiveCfg = Release|Win32
		{250F33C9-B14A-4710-9025-7F19A83624F7}.Release|x86.Build.0 = Release|Win32
		{356FEF1D-567D-4285-A64B-D1EC36C33DB1}.Debug|x64.ActiveCfg = Debug|x64
		{356FEF1D-567D-4285-A64B-D1EC36C33DB1}.Debug|x64.Build.0 = Debug|x64
		{356FEF1D-567D-4285-A64B-D1EC36C33DB1}.Debug|x86.ActiveCfg = Debug|Win32
		{356FEF1D-567D-4285-A64B-D1EC36C33DB1}.Debug|x86.Build.0 = Debug|Win32
		{356FEF1D-567D-4285-A64B-D1EC36C33DB1}.Release|x64.ActiveCfg = Release|x64
		{356FEF1D-567D-4285-A64B-D1EC36C33DB1}.Release|x64.Build.0 = Release|x64
		{356FEF1D-567D-4285-A64B-D1EC36C33DB1}.Release|x86.ActiveCfg = Release|Win32
		{356FEF1D-567D-4285-A64B-D1EC36C33DB1}.Release|x86.Build.0 = Release|Win32
		{02CEE222-CE1E-4AD6-948D-22CFA2A609EA}.Debug|x64.ActiveCfg = Debug|x64
		{02CEE222-CE1E-4AD6-948D-22CFA2A609EA}.Debug|x64.Build.0 = Debug|x64
		{02CEE222-CE1E-4AD6-948D-22CFA2A609EA}.Debug|x86.ActiveCfg = Debug|Win32
		{02CEE222-CE1E-4AD6-948D-22CFA2A609EA}.Debug|x86.Build.0 = Debug|Win32
		{02CEE222-CE1E-4AD6-948D-22CFA2A609EA}.Release|x64.ActiveCfg = Release|x64
		{02CEE222-CE1E-4AD6-948D-22CFA2A609EA}.Release|x64.Build.0 = Release|x64
		{02CEE222-CE1E-4AD6-948D-22CFA2A609EA}.Release|x86.ActiveCfg = Release|Win32
		{02CEE222-CE1E-4AD6-948D-22CFA2A609EA}.Release|x86.Build.0 = Release|Win32
		{0606F6A9-FAA3-4497-A5FF-4B0D01F345E5}.Debug|x64.ActiveCfg = Debug|x64
		{0606F6A9-FAA3-4497-A5FF-4B0D01F345E5}.Debug|x64.Build.0 = Debug|x64
		{0606F6A9-FAA3-4497-A5FF-4B0D01F345E5}.Debug|x86.ActiveCfg = Debug|Win32
		{0606F6A9-FAA3-4497-A5FF-4B0D01F345E5}.Debug|x86.Build.0 = Debug|Win32
		{0606F6A9-FAA3-4497-A5FF-4B0D01F345E5}.Release|x64.ActiveCfg = Release|x64
		{0606F6A9-FAA3-4497-A5FF-4B0D01F345E5}.Release|x64.Build.0 = Release|x64
		{0606F6A9-FAA3-4497-A5FF-4B0D01F345E5}.Release|x86.ActiveCfg = Release|Win32
		{0606F6A9-FAA3-4497-A5FF-4B0D01F345E5}.Release|x86.Build.0 = Release|Win32
		{186E9DC2-3DE4-459B-9B8F-8F99EB5617CE}.Debug|x64.ActiveCfg = Debug|x64
		{186E9DC2-3DE4-459B-9B8F-8F99EB5617CE}.Debug|x64.Build.0 = Debug|x64
		{186E9DC2-3DE4-459B-9B8F-8F99EB5617CE}.Debug|x86.ActiveCfg = Debug|Win32
		{186E9DC2-3DE4-459B-9B8F-8F99EB5617CE}.Debug|x86.Build.0 = Debug|Win32
		{186E9DC2-3DE4-459B-9B8F-8F99EB5617CE}.Release|x64.ActiveCfg = Release|x64
		{186E9DC2-3DE4-459B-9B8F-8F99EB5617CE}.Release|x64.Build.0 = Release|x64
		{186E9DC2-3DE4-459B-9B8F-8F99EB5617CE}.Release|x86.ActiveCfg = Release|Win32
		{186E9DC2-3DE4-459B-9B8F-8F99EB5617CE}.Release|x86.Build.0 = Release|Win32
		{F57A6BE1-0872-4B75-ABD2-AD20E9F5E828}.Debug|x64.ActiveCfg = Debug|x64
		{F57A6BE1-0872-4B75-ABD2-AD20E9F5E828}.Debug|x64.Build.0 = Debug|x64
		{F57A6BE1-0872-4B75-ABD2-AD20E9F5E828}.Debug|x86.ActiveCfg = Debug|Win32
		{F57A6BE1-0872-4B75-ABD2-AD20E9F5E828}.Debug|x86.Build.0 = Debug|Win32
		{F57A6BE1-0872-4B75-ABD2-AD20E9F5E828}.Release|x64.ActiveCfg = Release|x64
		{F57A6BE1-0872-4B75-ABD2-AD20E9F5E828}.Release|x64.Build.0 = Release|x64
		{F57A6BE1-0872-4B75-ABD2-AD20E9F5E828}.Release|x86.ActiveCfg = Release|Win32
		{F57A6BE1-0872-4B75-ABD2-AD20E9F5E828}.Release|x86.Build.0 = Release|Win32
		{000CC22F-F012-47AC-BF91-D14E127A1048}.Debug|x64.ActiveCfg = Debug|x64
		{000CC22F-F012-47AC-BF91-D14E127A1048}.Debug|x64.Build.0 = Debug|x64
		{000CC22F-F012-47AC-BF91-D14E127A1048}.Debug|x86.ActiveCfg = Debug|Win32
		{000CC22F-F012-47AC-BF91-D14E127A1048}.Debug|x86.Build.0 = Debug|Win32
		{000CC22F-F012-47AC-BF91-D14E127A1048}.Release|x64.ActiveCfg = Release|x64
		{000CC22F-F012-47AC-BF91-D14E127A1048}.Release|x64.Build.0 = Release|x64
		{000CC22F-F012-47AC-BF91-D14E127A1048}.Release|x86.ActiveCfg = Release|Win32
		{000CC22F-F012-47AC-BF91-D14E127A1048}.Release|x86.Build.0 = Release|Win32
		{9BF697FC-BDB5-49D4-B4F5-4C3121B9D3B9}.Debug|x64.ActiveCfg = Debug|x64
		{9BF697FC-BDB5-49D4-B4F5-4C3121B9D3B9}.Debug|x64.Build.0 = Debug|x64
		{9BF697FC-BDB5-49D4-B4F5-4C3121B9D3B9}.Debug|x86.ActiveCfg = Debug|Win32
		{9BF697FC-BDB5-49D4-B4F5-4C3121B9D3B9}.Debug|x86.Build.0 = Debug|Win32
		{9BF697FC-BDB5-49D4-B4F5-4C3121B9D3B9}.Release|x64.ActiveCfg = Release|x64
		{9BF697FC-BDB5-49D4-B4F5-4C3121B9D3B9}.Release|x64.Build.0 = Release|x64
		{9BF697FC-BDB5-49D4-B4F5-4C3121B9D3B9}.Release|x86.ActiveCfg = Release|Win32
		{9BF697FC-BDB5-49D4-B4F5-4C3121B9D3B9}.Release|x86.Build.0 = Release|Win32
		{2ECE5157-4DB8-491A-8CE9-F5C862D8A399}.Debug|x64.ActiveCfg = Debug|x64
		{2ECE5157-4DB8-491A-8CE9-F5C862D8A399}.Debug|x64.Build.0 = Debug|x64
		{2ECE5157-4DB8-491A-8CE9-F5C862D8A399}.Debug|x86.ActiveCfg = Debug|Win32
		{2ECE5157-4DB8-491A-8CE9-F5C862D8A399}.Debug|x86.Build.0 = Debug|Win32
		{2ECE5157-4DB8-491A-8CE9-F5C862D8A399}.Release|x64.ActiveCfg = Release|x64
		{2ECE5157-4DB8-491A-8CE9-F5C862D8A399}.Release|x64.Build.0 = Release|x64
		{2ECE5157-4DB8-491A-8CE9-F5C862D8A399}.Release|x86.ActiveCfg = Release|Win32
		{2ECE5157-4DB8-491A-8CE9-F5C862D8A399}.Release|x86.Build.0 = Release|Win32
		{0DCF411B-7BCD-4AF8-843E-98049CE17FB1}.Debug|x64.ActiveCfg = Debug|x64
		{0DCF411B-7BCD-4AF8-843E-98049CE17FB1}.Debug|x64.Build.0 = Debug|x64
		{0DCF411B-7BCD-4AF8-843E-98049CE17FB1}.Debug|x86.ActiveCfg = Debug|Win32
		{0DCF411B-7BCD-4AF8-843E-98049CE17FB1}.Debug|x86.Build.0 = Debug|Win32
		{0DCF411B-7BCD-4AF8-843E-98049CE17FB1}.Release|x64.ActiveCfg = Release|x64
		{0DCF411B-7BCD-4AF8-843E-98049CE17FB1}.Release|x64.Build.0 = Release|x64
		{0DCF411B-7BCD-4AF8-843E-98049CE17FB1}.Release|x86.ActiveCfg = Release|Win32
		{0DCF411B-7BCD-4AF8-843E-98049CE17FB1}.Release|x86.Build.0 = Release|Win32
		{7EB15F95-0169-4F78-AF31-B3DD94119DFF}.Debug|x64.ActiveCfg = Debug|x64
		{7EB15F95-0169-4F78-AF31-B3DD94119DFF}.Debug|x64.Build.0 = Debug|x64
		{7EB15F95-0169-4F78-AF31-B3DD94119DFF}.Debug|x86.ActiveCfg = Debug|Win32
		{7EB15F95-0169-4F78-AF31-B3DD94119DFF}.Debug|x86.Build.0 = Debug|Win32
		{7EB15F95-0169-4F78-AF31-B3DD94119DFF}.Release|x64.ActiveCfg = Release|x64
		{7EB15F95-0169-4F78-AF31-B3DD94119DFF}.Release|x64.Build.0 = Release|x64
		{7EB15F95-0169-4F78-AF31-B3DD94119DFF}.Release|x86.ActiveCfg = Release|Win32
		{7EB15F95-0169-4F78-AF31-B3DD94119DFF}.Release|x86.Build.0 = Release|Win32
		{3D5989BB-D460-4CFF-82E5-41D480BF20CE}.Debug|x64.ActiveCfg = Debug|x64
		{3D5989BB-D460-4CFF-82E5-41D480BF20CE}.Debug|x64.Build.0 = Debug|x64
		{3D5989BB-D460-4CFF-82E5-41D480BF20CE}.Debug|x86.ActiveCfg = Debug|Win32
		{3D5989BB-D460-4CFF-82E5-41D480BF20CE}.Debug|x86.Build.0 = Debug|Win32
		{3D5989BB-D460-4CFF-82E5-41D480BF20CE}.Release|x64.ActiveCfg = Release|x64
		{3D5989BB-D460-4CFF-82E5-41D480BF20CE}.Release|x64.Build.0 = Release|x64
		{3D5989BB-D460-4CFF-82E5-41D480BF20CE}.Release|x86.ActiveCfg = Release|Win32
		{3D5989BB-D460-4CFF-82E5-41D480BF20CE}.Release|x86.Build.0 = Release|Win32
		{CCBEA150-8EE9-4647-8A4C-A8D6F80D09D9}.Debug|x64.ActiveCfg = Debug|x64
		{CCBEA150-8EE9-4647-8A4C-A8D6F80D09D9}.Debug|x64.Build.0 = Debug|x64
		{CCBEA150-8EE9-4647-8A4C-A8D6F80D09D9}.Debug|x86.ActiveCfg = Debug|Win32
		{CCBEA150-8EE9-4647-8A4C-A8D6F80D09D9}.Debug|x86.Build.0 = Debug|Win32
		{CCBEA150-8EE9-4647-8A4C-A8D6F80D09D9}.Release|x64.ActiveCfg = Release|x64
		{CCBEA150-8EE9-4647-8A4C-A8D6F80D09D9}.Release|x64.Build.0 = Release|x64
		{CCBEA150-8EE9-4647-8A4C-A8D6F80D09D9}.Release|x86.ActiveCfg = Release|Win32
		{CCBEA150-8EE9-4647-8A4C-A8D6F80D09D9}.Release|x86.Build.0 = Release|Win32
		{A64D09CE-8FEE-4C8F-A51F-6A846300F154}.Debug|x64.ActiveCfg = Debug|x64
		{A64D09CE-8FEE-4C8F-A51F-6A846300F154}.Debug|x64.Build.0 = Debug|x64
		{A64D09CE-8FEE-4C8F-A51F-6A846300F154}.Debug|x86.ActiveCfg = Debug|Win32
		{A64D09CE-8FEE-4C8F-A51F-6A846300F154}.Debug|x86.Build.0 = Debug|Win32
		{A64D09CE-8FEE-4C8F-A51F-6A846300F154}.Release|x64.ActiveCfg = Release|x64
		{A64D09CE-8FEE-4C8F-A51F-6A846300F154}.Release|x64.Build.0 = Release|x64
		{A64D09CE-8FEE-4C8F-A51F-6A846300F154}.Release|x86.ActiveCfg = Release|Win32
		{A64D09CE-8FEE-4C8F-A51F-6A846300F154}.Release|x86.Build.0 = Release|Win32
		{3793F50F-7DD0-4870-95F7-A7ED9C2ED369}.Debug|x64.ActiveCfg = Debug|x64
		{3793F50F-7DD0-4870-95F7-A7ED9C2ED369}.Debug|x64.Build.0 = Debug|x64
		{3793F50F-7DD0-4870-95F7-A7ED9C2ED369}.Debug|x86.ActiveCfg = Debug|Win32
		{3793F50F-7DD0-4870-95F7-A7ED9C2ED369}.Debug|x86.Build.0 = Debug|Win32
		{3793F50F-7DD0-4870-95F7-A7ED9C2ED369}.Release|x64.ActiveCfg = Release|x64
		{3793F50F-7DD0-4870-95F7-A7ED9C2ED369}.Release|x64.Build.0 = Release|x64
		{3793F50F-7DD0-4870-95F7-A7ED9C2ED369}.Release|x86.ActiveCfg = Release|Win32
		{3793F50F-7DD0-4870-95F7-A7ED9C2ED369}.Release|x86.Build.0 = Release|Win32
		{F56D02A7-169F-4F25-AAF8-86FC0C1E6C5F}.Debug|x64.ActiveCfg = Debug|x64
		{F56D02A7-169F-4F25-AAF8-86FC0C1E6C5F}.Debug|x64.Build.0 = Debug|x64
		{F56D02A7-169F-4F25-AAF8-86FC0C1E6C5F}.Debug|x86.ActiveCfg = Debug|Win32
		{F56D02A7-169F-4F25-AAF8-86FC0C1E6C5F}.Debug|x86.Build.0 = Debug|Win32
		{F56D02A7-169F-4F25-AAF8-86FC0C1E6C5F}.Release|x64.ActiveCfg = Release|x64
		{F56D02A7-169F-4F25-AAF8-86FC0C1E6C5F}.Release|x64.Build.0 = Release|x64
		{F56D02A7-169F-4F25-AAF8-86FC0C1E6C5F}.Release|x86.ActiveCfg = Release|Win32
		{F56D02A7-169F-4F25-AAF8-86FC0C1E6C5F}.Release|x86.Build.0 = Release|Win32
		{CAF87502-F4E1-400B-AF3C-2D0AA06ED600}.Debug|x64.ActiveCfg = Debug|x64
		{CAF87502-F4E1-400B-AF3C-2D0AA06ED600}.Debug|x64.Build.0 = Debug|x64
		{CAF87502-F4E1-400B-AF3C-2D0AA06ED600}.Debug|x86.ActiveCfg = Debug|Win32
		{CAF87502-F4E1-400B-AF3C-2D0AA06ED600}.Debug|x86.Build.0 = Debug|Win32
		{CAF87502-F4E1-400B-AF3C-2D0AA06ED600}.Release|x64.ActiveCfg = Release|x64
		{CAF87502-F4E1-400B-AF3C-2D0AA06ED600}.Release|x64.Build.0 = Release|x64
		{CAF87502-F4E1-400B-AF3C-2D0AA06ED600}.Release|x86.ActiveCfg = Release|Win32
		{CAF87502-F4E1-400B-AF3C-2D0AA06ED600}.Release|x86.Build.0 = Release|Win32
		{2493E680-8ED7-44FE-887D-35AA772D16E9}.Debug|x64.ActiveCfg = Debug|x64
		{2493E680-8ED7-44FE-887D-35AA772D16E9}.Debug|x64.Build.0 = Debug|x64
		{2493E680-8ED7-44FE-887D-35AA772D16E9}.Debug|x86.ActiveCfg = Debug|Win32
		{2493E680-8ED7-44FE-887D-35AA772D16E9}.Debug|x86.Build.0 = Debug|Win32
		{2493E680-8ED7-44FE-887D-35AA772D16E9}.Release|x64.ActiveCfg = Release|x64
		{2493E680-8ED7-44FE-887D-35AA772D16E9}.Release|x64.Build.0 = Release|x64
		{2493E680-8ED7-44FE-887D-35AA772D16E9}.Release|x86.ActiveCfg = Release|Win32
		{2493E680-8ED7-44FE-887D-35AA772D16E9}.Release|x86.Build.0 = Release|Win32
		{81EC40E5-27B4-46A1-862F-002F3B327BA2}.Debug|x64.ActiveCfg = Debug|x64
		{81EC40E5-27B4-46A1-862F-002F3B327BA2}.Debug|x64.Build.0 = Debug|x64
		{81EC40E5-27B4-46A1-862F-002F3B327BA2}.Debug|x86.ActiveCfg = Debug|Win32
		{81EC40E5-27B4-46A1-862F-002F3B327BA2}.Debug|x86.Build.0 = Debug|Win32
		{81EC40E5-27B4-46A1-862F-002F3B327BA2}.Release|x64.ActiveCfg = Release|x64
		{81EC40E5-27B4-46A1-862F-002F3B327BA2}.Release|x64.Build.0 = Release|x64
		{81EC40E5-27B4-46A1-862F-002F3B327BA2}.Release|x86.ActiveCfg = Release|Win32
		{81EC40E5-27B4-46A1-862F-002F3B327BA2}.Release|x86.Build.0 = Release|Win32
		{BCE3C1E9-7A2A-49E8-8BA7-D253C36A0448}.Debug|x64.ActiveCfg = Debug|x64
		{BCE3C1E9-7A2A-49E8-8BA7-D253C36A0448}.Debug|x64.Build.0 = Debug|x64
		{BCE3C1E9-7A2A-49E8-8BA7-D253C36A0448}.Debug|x86.ActiveCfg = Debug|Win32
		{BCE3C1E9-7A2A-49E8-8BA7-D253C36A0448}.Debug|x86.Build.0 = Debug|Win32
		{BCE3C1E9-7A2A-49E8-8BA7-D253C36A0448}.Release|x64.ActiveCfg = Release|x64
		{BCE3C1E9-7A2A-49E8-8BA7-D253C36A0448}.Release|x64.Build.0 = Release|x64
		{BCE3C1E9-7A2A-49E8-8BA7-D253C36A0448}.Release|x86.ActiveCfg = Release|Win32
		{BCE3C1E9-7A2A-49E8-8BA7-D253C36A0448}.Release|x86.Build.0 = Release|Win32
		{A4F62FE1-12B5-405A-AA78-6029DE3AC4F9}.Debug|x64.ActiveCfg = Debug|x64
		{A4F62FE1-12B5-405A-AA78-6029DE3AC4F9}.Debug|x64.Build.0 = Debug|x64
		{A4F62FE1-12B5-405A-AA78-6029DE3AC4F9}.Debug|x86.ActiveCfg = Debug|Win32
		{A4F62FE1-12B5-405A-AA78-6029DE3AC4F9}.Debug|x86.Build.0 = Debug|Win32
		{A4F62FE1-12B5-405A-AA78-6029DE3AC4F9}.Release|x64.ActiveCfg = Release|x64
		{A4F62FE1-12B5-405A-AA78-6029DE3AC4F9}.Release|x64.Build.0 = Release|x64
		{A4F62FE1-12B5-405A-AA78-6029DE3AC4F9}.Release|x86.ActiveCfg = Release|Win32
		{A4F62FE1-12B5-405A-AA78-6029DE3AC4F9}.Release|x86.Build.0 = Release|Win32
		{E8160934-D63B-4AD8-A8E1-4418B36817D6}.Debug|x64.ActiveCfg = Debug|x64
		{E8160934-D63B-4AD8-A8E1-4418B36817D6}.Debug|x64.Build.0 = Debug|x64
		{E8160934-D63B-4AD8-A8E1-4418B36817D6}.Debug|x86.ActiveCfg = Debug|Win32
		{E8160934-D63B-4AD8-A8E1-4418B36817D6}.Debug|x86.Build.0 = Debug|Win32
		{E8160934-D63B-4AD8-A8E1-4418B36817D6}.Release|x64.ActiveCfg = Release|x64
		{E8160934-D63B-4AD8-A8E1-4418B36817D6}.Release|x64.Build.0 = Release|x64
		{E8160934-D63B-4AD8-A8E1-4418B36817D6}.Release|x86.ActiveCfg = Release|Win32
		{E8160934-D63B-4AD8-A8E1-4418B36817D6}.Release|x86.Build.0 = Release|Win32
		{BF8217E8-A2AB-4D7B-9F57-F22A3A955885}.Debug|x64.ActiveCfg = Debug|x64
		{BF8217E8-A2AB-4D7B-9F57-F22A3A955885}.Debug|x64.Build.0 = Debug|x64
		{BF8217E8-A2AB-4D7B-9F57-F22A3A955885}.Debug|x86.ActiveCfg = Debug|Win32
		{BF8217E8-A2AB-4D7B-9F57-F22A3A955885}.Debug|x86.Build.0 = Debug|Win32
		{BF8217E8-A2AB-4D7B-9F57-F22A3A955885}.Release|x64.ActiveCfg = Release|x64
		{BF8217E8-A2AB-4D7B-9F57-F22A3A955885}.Release|x64.Build.0 = Release|x64
		{BF8217E8-A2AB-4D7B-9F57-F22A3A955885}.Release|x86.ActiveCfg = Release|Win32
		{BF8217E8-A2AB-4D7B-9F57-F22A3A955885}.Release|x86.Build.0 = Release|Win32
		{E7EF21B3-8B71-427D-84EF-8761A804A9D8}.Debug|x64.ActiveCfg = Debug|x64
		{E7EF21B3-8B71-427D-84EF-8761A804A9D8}.Debug|x64.Build.0 = Debug|x64
		{E7EF21B3-8B71-427D-84EF-8761A804A9D8}.Debug|x86.ActiveCfg = Debug|Win32
		{E7EF21B3-8B71-427D-84EF-8761A804A9D8}.Debug|x86.Build.0 = Debug|Win32
		{E7EF21B3-8B71-427D-84EF-8761A804A9D8}.Release|x64.ActiveCfg = Release|x64
		{E7EF21B3-8B71-427D-84EF-8761A804A9D8}.Release|x64.Build.0 = Release|x64
		{E7EF21B3-8B71-427D-84EF-8761A804A9D8}.Release|x86.ActiveCfg = Release|Win32
		{E7EF21B3-8B71-427D-84EF-8761A804A9D8}.Release|x86.Build.0 = Release|Win32
		{F6F850B3-BCC5-4837-97E4-1BA48CBD2F68}.Debug|x64.ActiveCfg = Debug|x64
		{F6F850B3-BCC5-4837-97E4-1BA48CBD2F68}.Debug|x64.Build.0 = Debug|x64
		{F6F850B3-BCC5-4837-97E4-1BA48CBD2F68}.Debug|x86.ActiveCfg = Debug|Win32
		{F6F850B3-BCC5-4837-97E4-1BA48CBD2F68}.Debug|x86.Build.0 = Debug|Win32
		{F6F850B3-BCC5-4837-97E4-1BA48CBD2F68}.Release|x64.ActiveCfg = Release|x64
		{F6F850B3-BCC5-4837-97E4-1BA48CBD2F68}.Release|x64.Build.0 = Release|x64
		{F6F850B3-BCC5-4837-97E4-1BA48CBD2F68}.Release|x86.ActiveCfg = Release|Win32
		{F6F850B3-BCC5-4837-97E4-1BA48CBD2F68}.Release|x86.Build.0 = Release|Win32
		{44ABB3F0-1046-48ED-80AE-789BBAC0CCE6}.Debug|x64.ActiveCfg = Debug|x64
		{44ABB3F0-1046-48ED-80AE-789BBAC0CCE6}.Debug|x64.Build.0 = Debug|x64
		{44ABB3F0-1046-48ED-80AE-789BBAC0CCE6}.Debug|x86.ActiveCfg = Debug|Win32
		{44ABB3F0-1046-48ED-80AE-789BBAC0CCE6}.Debug|x86.Build.0 = Debug|Win32
		{44ABB3F0-1046-48ED-80AE-789BBAC0CCE6}.Release|x64.ActiveCfg = Release|x64
		{44ABB3F0-1046-48ED-80AE-789BBAC0CCE6}.Release|x64.Build.0 = Release|x64
		{44ABB3F0-1046-48ED-80AE-789BBAC0CCE6}.Release|x86.ActiveCfg = Release|Win32
		{44ABB3F0-1046-48ED-80AE-789BBAC0CCE6}.Release|x86.Build.0 = Release|Win32
		{DEF8F579-38DB-48CA-A3C2-EEA842DE58CB}.Debug|x64.ActiveCfg = Debug|x64
		{DEF8F579-38DB-48CA-A3C2-EEA842DE58CB}.Debug|x64.Build.0 = Debug|x64
		{DEF8F579-38DB-48CA-A3C2-EEA842DE58CB}.Debug|x86.ActiveCfg = Debug|Win32
		{DEF8F579-38DB-48CA-A3C2-EEA842DE58CB}.Debug|x86.Build.0 = Debug|Win32
		{DEF8F579-38DB-48CA-A3C2-EEA842DE58CB}.Release|x64.ActiveCfg = Release|x64
		{DEF8F579-38DB-48CA-A3C2-EEA842DE58CB}.Release|x64.Build.0 = Release|x64
		{DEF8F579-38DB-48CA-A3C2-EEA842DE58CB}.Release|x86.ActiveCfg = Release|Win32
		{DEF8F579-38DB-48CA-A3C2-EEA842DE58CB}.Release|x86.Build.0 = Release|Win32
		{BAD934AB-6B4E-4203-B6EE-325D8AA440A4}.Debug|x64.ActiveCfg = Debug|x64
		{BAD934AB-6B4E-4203-B6EE-325D8AA440A4}.Debug|x64.Build.0 = Debug|x64
		{BAD934AB-6B4E-4203-B6EE-325D8AA440A4}.Debug|x86.ActiveCfg = Debug|Win32
		{BAD934AB-6B4E-4203-B6EE-325D8AA440A4}.Debug|x86.Build.0 = Debug|Win32
		{BAD934AB-6B4E-4203-B6EE-325D8AA440A4}.Release|x64.ActiveCfg = Release|x64
		{BAD934AB-6B4E-4203-B6EE-325D8AA440A4}.Release|x64.Build.0 = Release|x64
		{BAD934AB-6B4E-4203-B6EE-325D8AA440A4}.Release|x86.ActiveCfg = Release|Win32
		{BAD934AB-6B4E-4203-B6EE-325D8AA440A4}.Release|x86.Build.0 = Release|Win32
		{0871BEAF-77C9-445C-97E4-49BD9CADD997}.Debug|x64.ActiveCfg = Debug|x64
		{0871BEAF-77C9-445C-97E4-49BD9CADD997}.Debug|x64.Build.0 = Debug|x64
		{0871BEAF-77C9-445C-97E4-49BD9CADD997}.Debug|x86.ActiveCfg = Debug|Win32
		{0871BEAF-77C9-445C-97E4-49BD9CADD997}.Debug|x86.Build.0 = Debug|Win32
		{0871BEAF-77C9-445C-97E4-49BD9CADD997}.Release|x64.ActiveCfg = Release|x64
		{0871BEAF-77C9-445C-97E4-49BD9CADD997}.Release|x64.Build.0 = Release|x64
		{0871BEAF-77C9-445C-97E4-49BD9CADD997}.Release|x86.ActiveCfg = Release|Win32
		{0871BEAF-77C9-445C-97E4-49BD9CADD997}.Release|x86.Build.0 = Release|Win32
		{1F03E5AB-3530-49CB-89B3-9AA37EBD83D5}.Debug|x64.ActiveCfg = Debug|x64
		{1F03E5AB-3530-49CB-89B3-9AA37EBD83D5}.Debug|x64.Build.0 = Debug|x64
		{1F03E5AB-3530-49CB-89B3-9AA37EBD83D5}.Debug|x86.ActiveCfg = Debug|Win32
		{1F03E5AB-3530-49CB-89B3-9AA37EBD83D5}.Debug|x86.Build.0 = Debug|Win32
		{1F03E5AB-3530-49CB-89B3-9AA37EBD83D5}.Release|x64.ActiveCfg = Release|x64
		{1F03E5AB-3530-49CB-89B3-9AA37EBD83D5}.Release|x64.Build.0 = Release|x64
		{1F03E5AB-3530-49CB-89B3-9AA37EBD83D5}.Release|x86.ActiveCfg = Release|Win32
		{1F03E5AB-3530-49CB-89B3-9AA37EBD83D5}.Release|x86.Build.0 = Release|Win32
		{E5C6D458-DB17-4D64-B2DB-F181FE16E3DF}.Debug|x64.ActiveCfg = Debug|x64
		{E5C6D458-DB17-4D64-B2DB-F181FE16E3DF}.Debug|x64.Build.0 = Debug|x64
		{E5C6D458-DB17-4D64-B2DB-F181FE16E3DF}.Debug|x86.ActiveCfg = Debug|Win32
		{E5C6D458-DB17-4D64-B2DB-F181FE16E3DF}.Debug|x86.Build.0 = Debug|Win32
		{E5C6D458-DB17-4D64-B2DB-F181FE16E3DF}.Release|x64.ActiveCfg = Release|x64
		{E5C6D458-DB17-4D64-B2DB-F181FE16E3DF}.Release|x64.Build.0 = Release|x64
		{E5C6D458-DB17-4D64-B2DB-F181FE16E3DF}.Release|x86.ActiveCfg = Release|Win32
		{E5C6D458-DB17-4D64-B2DB-F181FE16E3DF}.Release|x86.Build.0 = Release|Win32
		{8F9B01DC-0056-4742-9444-CC3D1F2A6F7C}.Debug|x64.ActiveCfg = Debug|x64
		{8F9B01DC-0056-4742-9444-CC3D1F2A6F7C}.Debug|x64.Build.0 = Debug|x64
		{8F9B01DC-0056-4742-9444-CC3D1F2A6F7C}.Debug|x86.ActiveCfg = Debug|Win32
		{8F9B01DC-0056-4742-9444-CC3D1F2A6F7C}.Debug|x86.Build.0 = Debug|Win32
		{8F9B01DC-0056-4742-9444-CC3D1F2A6F7C}.Release|x64.ActiveCfg = Release|x64
		{8F9B01DC-0056-4742-9444-CC3D1F2A6F7C}.Release|x64.Build.0 = Release|x64
		{8F9B01DC-0056-4742-9444-CC3D1F2A6F7C}.Release|x86.ActiveCfg = Release|Win32
		{8F9B01DC-0056-4742-9444-CC3D1F2A6F7C}.Release|x86.Build.0 = Release|Win32
		{91382416-2C1C-404E-A865-BA3BB1D197BF}.Debug|x64.ActiveCfg = Debug|x64
		{91382416-2C1C-404E-A865-BA3BB1D197BF}.Debug|x64.Build.0 = Debug|x64
		{91382416-2C1C-404E-A865-BA3BB1D197BF}.Debug|x86.ActiveCfg = Debug|Win32
		{91382416-2C1C-404E-A865-BA3BB1D197BF}.Debug|x86.Build.0 = Debug|Win32
		{91382416-2C1C-404E-A865-BA3BB1D197BF}.Release|x64.ActiveCfg = Release|x64
		{91382416-2C1C-404E-A865-BA3BB1D197BF}.Release|x64.Build.0 = Release|x64
		{91382416-2C1C-404E-A865-BA3BB1D197BF}.Release|x86.ActiveCfg = Release|Win32
		{91382416-2C1C-404E-A865-BA3BB1D197BF}.Release|x86.Build.0 = Release|Win32
		{DDBC7310-679A-4DC6-9FFE-86B4E50C3B53}.Debug|x64.ActiveCfg = Debug|x64
		{DDBC7310-679A-4DC6-9FFE-86B4E50C3B53}.Debug|x64.Build.0 = Debug|x64
		{DDBC7310-679A-4DC6-9FFE-86B4E50C3B53}.Debug|x86.ActiveCfg = Debug|Win32
		{DDBC7310-679A-4DC6-9FFE-86B4E50C3B53}.Debug|x86.Build.0 = Debug|Win32
		{DDBC7310-679A-4DC6-9FFE-86B4E50C3B53}.Release|x64.ActiveCfg = Release|x64
		{DDBC7310-679A-4DC6-9FFE-86B4E50C3B53}.Release|x64.Build.0 = Release|x64
		{DDBC7310-679A-4DC6-9FFE-86B4E50C3B53}.Release|x86.ActiveCfg = Release|Win32
		{DDBC7310-679A-4DC6-9FFE-86B4E50C3B53}.Release|x86.Build.0 = Release|Win32
		{7E8D8BBB-1C1F-4363-B013-A789AFB5E81A}.Debug|x64.ActiveCfg = Debug|x64
		{7E8D8BBB-1C1F-4363-B013-A789AFB5E81A}.Debug|x64.Build.0 = Debug|x64
		{7E8D8BBB-1C1F-4363-B013-A789AFB5E81A}.Debug|x86.ActiveCfg = Debug|Win32
		{7E8D8BBB-1C1F-4363-B013-A789AFB5E81A}.Debug|x86.Build.0 = Debug|Win32
		{7E8D8BBB-1C1F-4363-B013-A789AFB5E81A}.Release|x64.ActiveCfg = Release|x64
		{7E8D8BBB-1C1F-4363-B013-A789AFB5E81A}.Release|x64.Build.0 = Release|x64
		{7E8D8BBB-1C1F-4363-B013-A789AFB5E81A}.Release|x86.ActiveCfg = Release|Win32
		{7E8D8BBB-1C1F-4363-B013-A789AFB5E81A}.Release|x86.Build.0 = Release|Win32
		{48880B43-776E-4698-B572-D893AB769DFD}.Debug|x64.ActiveCfg = Debug|x64
		{48880B43-776E-4698-B572-D893AB769DFD}.Debug|x64.Build.0 = Debug|x64
		{48880B43-776E-4698-B572-D893AB769DFD}.Debug|x86.ActiveCfg = Debug|Win32
		{48880B43-776E-4698-B572-D893AB769DFD}.Debug|x86.Build.0 = Debug|Win32
		{48880B43-776E-4698-B572-D893AB769DFD}.Release|x64.ActiveCfg = Release|x64
		{48880B43-776E-4698-B572-D893AB769DFD}.Release|x64.Build.0 = Release|x64
		{48880B43-776E-4698-B572-D893AB769DFD}.Release|x86.ActiveCfg = Release|Win32
		{48880B43-776E-4698-B572-D893AB769DFD}.Release|x86.Build.0 = Release|Win32
		{000C89BC-F4F5-48EA-B82C-F5091F71CCC0}.Debug|x64.ActiveCfg = Debug|x64
		{000C89BC-F4F5-48EA-B82C-F5091F71CCC0}.Debug|x64.Build.0 = Debug|x64
		{000C89BC-F4F5-48EA-B82C-F5091F71CCC0}.Debug|x86.ActiveCfg = Debug|Win32
		{000C89BC-F4F5-48EA-B82C-F5091F71CCC0}.Debug|x86.Build.0 = Debug|Win32
		{000C89BC-F4F5-48EA-B82C-F5091F71CCC0}.Release|x64.ActiveCfg = Release|x64
		{000C89BC-F4F5-48EA-B82C-F5091F71CCC0}.Release|x64.Build.0 = Release|x64
		{000C89BC-F4F5-48EA-B82C-F5091F71CCC0}.Release|x86.ActiveCfg = Release|Win32
		{000C89BC-F4F5-48EA-B82C-F5091F71CCC0}.Release|x86.Build.0 = Release|Win32
		{CFF53A7B-9D7B-442B-9AAD-9CCE0B1F09C2}.Debug|x64.ActiveCfg = Debug|x64
		{CFF53A7B-9D7B-442B-9AAD-9CCE0B1F09C2}.Debug|x64.Build.0 = Debug|x64
		{CFF53A7B-9D7B-442B-9AAD-9CCE0B1F09C2}.Debug|x86.ActiveCfg = Debug|Win32
		{CFF53A7B-9D7B-442B-9AAD-9CCE0B1F09C2}.Debug|x86.Build.0 = Debug|Win32
		{CFF53A7B-9D7B-442B-9AAD-9CCE0B1F09C2}.Release|x64.ActiveCfg = Release|x64
		{CFF53A7B-9D7B-442B-9AAD-9CCE0B1F09C2}.Release|x64.Build.0 = Release|x64
		{CFF53A7B-9D7B-442B-9AAD-9CCE0B1F09C2}.Release|x86.ActiveCfg = Release|Win32
		{CFF53A7B-9D7B-442B-9AAD-9CCE0B1F09C2}.Release|x86.Build.0 = Release|Win32
		{3414EB49-697C-487F-A161-1EDC1964AB66}.Debug|x64.ActiveCfg = Debug|x64
		{3414EB49-697C-487F-A161-1EDC1964AB66}.Debug|x64.Build.0 = Debug|x64
		{3414EB49-697C-487F-A161-1EDC1964AB66}.Debug|x86.ActiveCfg = Debug|Win32
		{3414EB49-697C-487F-A161-1EDC1964AB66}.Debug|x86.Build.0 = Debug|Win32
		{3414EB49-697C-487F-A161-1EDC1964AB66}.Release|x64.ActiveCfg = Release|x64
		{3414EB49-697C-487F-A161-1EDC1964AB66}.Release|x64.Build.0 = Release|x64
		{3414EB49-697C-487F-A161-1EDC1964AB66}.Release|x86.ActiveCfg = Release|Win32
		{3414EB49-697C-487F-A161-1EDC1964AB66}.Release|x86.Build.0 = Release|Win32
		{5053CAD0-9F23-491B-9D01-0D86EBDC637D}.Debug|x64.ActiveCfg = Debug|x64
		{5053CAD0-9F23-491B-9D01-0D86EBDC637D}.Debug|x64.Build.0 = Debug|x64
		{5053CAD0-9F23-491B-9D01-0D86EBDC637D}.Debug|x86.ActiveCfg = Debug|Win32
		{5053CAD0-9F23-491B-9D01-0D86EBDC637D}.Debug|x86.Build.0 = Debug|Win32
		{5053CAD0-9F23-491B-9D01-0D86EBDC637D}.Release|x64.ActiveCfg = Release|x64
		{5053CAD0-9F23-491B-9D01-0D86EBDC637D}.Release|x64.Build.0 = Release|x64
		{5053CAD0-9F23-491B-9D01-0D86EBDC637D}.Release|x86.ActiveCfg = Release|Win32
		{5053CAD0-9F23-491B-9D01-0D86EBDC637D}.Release|x86.Build.0 = Release|Win32
		{F14885FD-FADC-411B-B563-817DA766AD85}.Debug|x64.ActiveCfg = Debug|x64
		{F14885FD-FADC-411B-B563-817DA766AD85}.Debug|x64.Build.0 = Debug|x64
		{F14885FD-FADC-411B-B563-817DA766AD85}.Debug|x86.ActiveCfg = Debug|Win32
		{F14885FD-FADC-411B-B563-817DA766AD85}.Debug|x86.Build.0 = Debug|Win32
		{F14885FD-FADC-411B-B563-817DA766AD85}.Release|x64.ActiveCfg = Release|x64
		{F14885FD-FADC-411B-B563-817DA766AD85}.Release|x64.Build.0 = Release|x64
		{F14885FD-FADC-411B-B563-817DA766AD85}.Release|x86.ActiveCfg = Release|Win32
		{F14885FD-FADC-411B-B563-817DA766AD85}.Release|x86.Build.0 = Release|Win32
		{AE28C3CB-4C69-4F7F-B583-B15D11512369}.Debug|x64.ActiveCfg = Debug|x64
		{AE28C3CB-4C69-4F7F-B583-B15D11512369}.Debug|x64.Build.0 = Debug|x64
		{AE28C3CB-4C69-4F7F-B583-B15D11512369}.Debug|x86.ActiveCfg = Debug|Win32
		{AE28C3CB-4C69-4F7F-B583-B15D11512369}.Debug|x86.Build.0 = Debug|Win32
		{AE28C3CB-4C69-4F7F-B583-B15D11512369}.Release|x64.ActiveCfg = Release|x64
		{AE28C3CB-4C69-4F7F-B583-B15D11512369}.Release|x64.Build.0 = Release|x64
		{AE28C3CB-4C69-4F7F-B583-B15D11512369}.Release|x86.ActiveCfg = Release|Win32
		{AE28C3CB-4C69-4F7F-B583-B15D11512369}.Release|x86.Build.0 = Release|Win32
		{A6314C85-B1DC-46E0-BF2B-E4AD6E5FE20C}.Debug|x64.ActiveCfg = Debug|x64
		{A6314C85-B1DC-46E0-BF2B-E4AD6E5FE20C}.Debug|x64.Build.0 = Debug|x64
		{A6314C85-B1DC-46E0-BF2B-E4AD6E5FE20C}.Debug|x86.ActiveCfg = Debug|Win32
		{A6314C85-B1DC-46E0-BF2B-E4AD6E5FE20C}.Debug|x86.Build.0 = Debug|Win32
		{A6314C85-B1DC-46E0-BF2B-E4AD6E5FE20C}.Release|x64.ActiveCfg = Release|x64
		{A6314C85-B1DC-46E0-BF2B-E4AD6E5FE20C}.Release|x64.Build.0 = Release|x64
		{A6314C85-B1DC-46E0-BF2B-E4AD6E5FE20C}.Release|x86.ActiveCfg = Release|Win32
		{A6314C85-B1DC-46E0-BF2B-E4AD6E5FE20C}.Release|x86.Build.0 = Release|Win32
		{005B0B78-88C6-455D-AD27-C5BCE0F0EE4C}.Debug|x64.ActiveCfg = Debug|x64
		{005B0B78-88C6-455D-AD27-C5BCE0F0EE4C}.Debug|x64.Build.0 = Debug|x64
		{005B0B78-88C6-455D-AD27-C5BCE0F0EE4C}.Debug|x86.ActiveCfg = Debug|Win32
		{005B0B78-88C6-455D-AD27-C5BCE0F0EE4C}.Debug|x86.Build.0 = Debug|Win32
		{005B0B78-88C6-455D-AD27-C5BCE0F0EE4C}.Release|x64.ActiveCfg = Release|x64
		{005B0B78-88C6-455D-AD27-C5BCE0F0EE4C}.Release|x64.Build.0 = Release|x64
		{005B0B78-88C6-455D-AD27-C5BCE0F0EE4C}.Release|x86.ActiveCfg = Release|Win32
		{005B0B78-88C6-455D-AD27-C5BCE0F0EE4C}.Release|x86.Build.0 = Release|Win32
		{E1EFC85E-0475-4E4A-961F-FBCEC6528201}.Debug|x64.ActiveCfg = Debug|x64
		{E1EFC85E-0475-4E4A-961F-FBCEC6528201}.Debug|x64.Build.0 = Debug|x64
		{E1EFC85E-0475-4E4A-961F-FBCEC6528201}.Debug|x86.ActiveCfg = Debug|Win32
		{E1EFC85E-0475-4E4A-961F-FBCEC6528201}.Debug|x86.Build.0 = Debug|Win32
		{E1EFC85E-0475-4E4A-961F-FBCEC6528201}.Release|x64.ActiveCfg = Release|x64
		{E1EFC85E-0475-4E4A-961F-FBCEC6528201}.Release|x64.Build.0 = Release|x64
		{E1EFC85E-0475-4E4A-961F-FBCEC6528201}.Release|x86.ActiveCfg = Release|Win32
		{E1EFC85E-0475-4E4A-961F-FBCEC6528201}.Release|x86.Build.0 = Release|Win32
		{20FD14C6-3B36-4B56-B797-1D09E3975AA6}.Debug|x64.ActiveCfg = Debug|x64
		{20FD14C6-3B36-4B56-B797-1D09E3975AA6}.Debug|x64.Build.0 = Debug|x64
		{20FD14C6-3B36-4B56-B797-1D09E3975AA6}.Debug|x86.ActiveCfg = Debug|Win32
		{20FD14C6-3B36-4B56-B797-1D09E3975AA6}.Debug|x86.Build.0 = Debug|Win32
		{20FD14C6-3B36-4B56-B797-1D09E3975AA6}.Release|x64.ActiveCfg = Release|x64
		{20FD14C6-3B36-4B56-B797-1D09E3975AA6}.Release|x64.Build.0 = Release|x64
		{20FD14C6-3B36-4B56-B797-1D09E3975AA6}.Release|x86.ActiveCfg = Release|Win32
		{20FD14C6-3B36-4B56-B797-1D09E3975AA6}.Release|x86.Build.0 = Release|Win32
		{A6DF6777-B6EB-499F-BF8D-4B25FAA97B02}.Debug|x64.ActiveCfg = Debug|x64
		{A6DF6777-B6EB-499F-BF8D-4B25FAA97B02}.Debug|x64.Build.0 = Debug|x64
		{A6DF6777-B6EB-499F-BF8D-4B25FAA97B02}.Debug|x86.ActiveCfg = Debug|Win32
		{A6DF6777-B6EB-499F-BF8D-4B25FAA97B02}.Debug|x86.Build.0 = Debug|Win32
		{A6DF6777-B6EB-499F-BF8D-4B25FAA97B02}.Release|x64.ActiveCfg = Release|x64
		{A6DF6777-B6EB-499F-BF8D-4B25FAA97B02}.Release|x64.Build.0 = Release|x64
		{A6DF6777-B6EB-499F-BF8D-4B25FAA97B02}.Release|x86.ActiveCfg = Release|Win32
		{A6DF6777-B6EB-499F-BF8D-4B25FAA97B02}.Release|x86.Build.0 = Release|Win32
		{B7499694-52CA-4415-A68D-58D6F0A1C797}.Debug|x64.ActiveCfg = Debug|x64
		{B7499694-52CA-4415-A68D-58D6F0A1C797}.Debug|x64.Build.0 = Debug|x64
		{B7499694-52CA-4415-A68D-58D6F0A1C797}.Debug|x86.ActiveCfg = Debug|Win32
		{B7499694-52CA-4415-A68D-58D6F0A1C797}.Debug|x86.Build.0 = Debug|Win32
		{B7499694-52CA-4415-A68D-58D6F0A1C797}.Release|x64.ActiveCfg = Release|x64
		{B7499694-52CA-4415-A68D-58D6F0A1C797}.Release|x64.Build.0 = Release|x64
		{B7499694-52CA-4415-A68D-58D6F0A1C797}.Release|x86.ActiveCfg = Release|Win32
		{B7499694-52CA-4415-A68D-58D6F0A1C797}.Release|x86.Build.0 = Release|Win32
		{52166B1C-56FD-4F5F-AADA-2DEFA7D0A4F7}.Debug|x64.ActiveCfg = Debug|x64
		{52166B1C-56FD-4F5F-AADA-2DEFA7D0A4F7}.Debug|x64.Build.0 = Debug|x64
		{52166B1C-56FD-4F5F-AADA-2DEFA7D0A4F7}.Debug|x86.ActiveCfg = Debug|Win32
		{52166B1C-56FD-4F5F-AADA-2DEFA7D0A4F7}.Debug|x86.Build.0 = Debug|Win32
		{52166B1C-56FD-4F5F-AADA-2DEFA7D0A4F7}.Release|x64.ActiveCfg = Release|x64
		{52166B1C-56FD-4F5F-AADA-2DEFA7D0A4F7}.Release|x64.Build.0 = Release|x64
		{52166B1C-56FD-4F5F-AADA-2DEFA7D0A4F7}.Release|x86.ActiveCfg = Release|Win32
		{52166B1C-56FD-4F5F-AADA-2DEFA7D0A4F7}.Release|x86.Build.0 = Release|Win32
		{E4D8C4D1-F5E7-406C-88B0-7E2A291C3525}.Debug|x64.ActiveCfg = Debug|x64
		{E4D8C4D1-F5E7-406C-88B0-7E2A291C3525}.Debug|x64.Build.0 = Debug|x64
		{E4D8C4D1-F5E7-406C-88B0-7E2A291C3525}.Debug|x86.ActiveCfg = Debug|Win32
		{E4D8C4D1-F5E7-406C-88B0-7E2A291C3525}.Debug|x86.Build.0 = Debug|Win32
		{E4D8C4D1-F5E7-406C-88B0-7E2A291C3525}.Release|x64.ActiveCfg = Release|x64
		{E4D8C4D1-F5E7-406C-88B0-7E2A291C3525}.Release|x64.Build.0 = Release|x64
		{E4D8C4D1-F5E7-406C-88B0-7E2A291C3525}.Release|x86.ActiveCfg = Release|Win32
		{E4D8C4D1-F5E7-406C-88B0-7E2A291C3525}.Release|x86.Build.0 = Release|Win32
		{5BBD1494-C9AD-4986-975F-183CDAD9AF4C}.Debug|x64.ActiveCfg = Debug|x64
		{5BBD1494-C9AD-4986-975F-183CDAD9AF4C}.Debug|x64.Build.0 = Debug|x64
		{5BBD1494-C9AD-4986-975F-183CDAD9AF4C}.Debug|x86.ActiveCfg = Debug|Win32
		{5BBD1494-C9AD-4986-975F-183CDAD9AF4C}.Debug|x86.Build.0 = Debug|Win32
		{5BBD1494-C9AD-4986-975F-183CDAD9AF4C}.Release|x64.ActiveCfg = Release|x64
		{5BBD1494-C9AD-4986-975F-183CDAD9AF4C}.Release|x64.Build.0 = Release|x64
		{5BBD1494-C9AD-4986-975F-183CDAD9AF4C}.Release|x86.ActiveCfg = Release|Win32
		{5BBD1494-C9AD-4986-975F-183CDAD9AF4C}.Release|x86.Build.0 = Release|Win32
		{9742833F-6F15-4E6E-8842-B72EC08A56B4}.Debug|x64.ActiveCfg = Debug|x64
		{9742833F-6F15-4E6E-8842-B72EC08A56B4}.Debug|x64.Build.0 = Debug|x64
		{9742833F-6F15-4E6E-8842-B72EC08A56B4}.Debug|x86.ActiveCfg = Debug|Win32
		{9742833F-6F15-4E6E-8842-B72EC08A56B4}.Debug|x86.Build.0 = Debug|Win32
		{9742833F-6F15-4E6E-8842-B72EC08A56B4}.Release|x64.ActiveCfg = Release|x64
		{9742833F-6F15-4E6E-8842-B72EC08A56B4}.Release|x64.Build.0 = Release|x64
		{9742833F-6F15-4E6E-8842-B72EC08A56B4}.Release|x86.ActiveCfg = Release|Win32
		{9742833F-6F15-4E6E-8842-B72EC08A56B4}.Release|x86.Build.0 = Release|Win32
		{2E6A9550-F411-4C12-95EC-D5FD4249D49B}.Debug|x64.ActiveCfg = Debug|x64
		{2E6A9550-F411-4C12-95EC-D5FD4249D49B}.Debug|x64.Build.0 = Debug|x64
		{2E6A9550-F411-4C12-95EC-D5FD4249D49B}.Debug|x86.ActiveCfg = Debug|Win32
		{2E6A9550-F411-4C12-95EC-D5FD4249D49B}.Debug|x86.Build.0 = Debug|Win32
		{2E6A9550-F411-4C12-95EC-D5FD4249D49B}.Release|x64.ActiveCfg = Release|x64
		{2E6A9550-F411-4C12-95EC-D5FD4249D49B}.Release|x64.Build.0 = Release|x64
		{2E6A9550-F411-4C12-95EC-D5FD4249D49B}.Release|x86.ActiveCfg = Release|Win32
		{2E6A9550-F411-4C12-95EC-D5FD4249D49B}.Release|x86.Build.0 = Release|Win32
		{9DE74076-5E99-4D19-BDCE-0DCCC4213094}.Debug|x64.ActiveCfg = Debug|x64
		{9DE74076-5E99-4D19-BDCE-0DCCC4213094}.Debug|x64.Build.0 = Debug|x64
		{9DE74076-5E99-4D19-BDCE-0DCCC4213094}.Debug|x86.ActiveCfg = Debug|Win32
		{9DE74076-5E99-4D19-BDCE-0DCCC4213094}.Debug|x86.Build.0 = Debug|Win32
		{9DE74076-5E99-4D19-BDCE-0DCCC4213094}.Release|x64.ActiveCfg = Release|x64
		{9DE74076-5E99-4D19-BDCE-0DCCC4213094}.Release|x64.Build.0 = Release|x64
		{9DE74076-5E99-4D19-BDCE-0DCCC4213094}.Release|x86.ActiveCfg = Release|Win32
		{9DE74076-5E99-4D19-BDCE-0DCCC4213094}.Release|x86.Build.0 = Release|Win32
		{BF30A612-BFD3-408D-A037-6C400DD030A0}.Debug|x64.ActiveCfg = Debug|x64
		{BF30A612-BFD3-408D-A037-6C400DD030A0}.Debug|x64.Build.0 = Debug|x64
		{BF30A612-BFD3-408D-A037-6C400DD030A0}.Debug|x86.ActiveCfg = Debug|Win32
		{BF30A612-BFD3-408D-A037-6C400DD030A0}.Debug|x86.Build.0 = Debug|Win32
		{BF30A612-BFD3-408D-A037-6C400DD030A0}.Release|x64.ActiveCfg = Release|x64
		{BF30A612-BFD3-408D-A037-6C400DD030A0}.Release|x64.Build.0 = Release|x64
		{BF30A612-BFD3-408D-A037-6C400DD030A0}.Release|x86.ActiveCfg = Release|Win32
		{BF30A612-BFD3-408D-A037-6C400DD030A0}.Release|x86.Build.0 = Release|Win32
		{113A4FA3-BAD2-47E1-9A1F-A6BF0499298B}.Debug|x64.ActiveCfg = Debug|x64
		{113A4FA3-BAD2-47E1-9A1F-A6BF0499298B}.Debug|x64.Build.0 = Debug|x64
		{113A4FA3-BAD2-47E1-9A1F-A6BF0499298B}.Debug|x86.ActiveCfg = Debug|Win32
		{113A4FA3-BAD2-47E1-9A1F-A6BF0499298B}.Debug|x86.Build.0 = Debug|Win32
		{113A4FA3-BAD2-47E1-9A1F-A6BF0499298B}.Release|x64.ActiveCfg = Release|x64
		{113A4FA3-BAD2-47E1-9A1F-A6BF0499298B}.Release|x64.Build.0 = Release|x64
		{113A4FA3-BAD2-47E1-9A1F-A6BF0499298B}.Release|x86.ActiveCfg = Release|Win32
		{113A4FA3-BAD2-47E1-9A1F-A6BF0499298B}.Release|x86.Build.0 = Release|Win32
		{B0A25F04-038E-42C3-B488-F110EE545035}.Debug|x64.ActiveCfg = Debug|x64
		{B0A25F04-038E-42C3-B488-F110EE545035}.Debug|x64.Build.0 = Debug|x64
		{B0A25F04-038E-42C3-B488-F110EE545035}.Debug|x86.ActiveCfg = Debug|Win32
		{B0A25F04-038E-42C3-B488-F110EE545035}.Debug|x86.Build.0 = Debug|Win32
		{B0A25F04-038E-42C3-B488-F110EE545035}.Release|x64.ActiveCfg = Release|x64
		{B0A25F04-038E-42C3-B488-F110EE545035}.Release|x64.Build.0 = Release|x64
		{B0A25F04-038E-42C3-B488-F110EE545035}.Release|x86.ActiveCfg = Release|Win32
		{B0A25F04-038E-42C3-B488-F110EE545035}.Release|x86.Build.0 = Release|Win32
		{9F5F2BA3-E113-4341-AB3C-F6479C7972A1}.Debug|x64.ActiveCfg = Debug|x64
		{9F5F2BA3-E113-4341-AB3C-F6479C7972A1}.Debug|x64.Build.0 = Debug|x64
		{9F5F2BA3-E113-4341-AB3C-F6479C7972A1}.Debug|x86.ActiveCfg = Debug|Win32
		{9F5F2BA3-E113-4341-AB3C-F6479C7972A1}.Debug|x86.Build.0 = Debug|Win32
		{9F5F2BA3-E113-4341-AB3C-F6479C7972A1}.Release|x64.ActiveCfg = Release|x64
		{9F5F2BA3-E113-4341-AB3C-F6479C7972A1}.Release|x64.Build.0 = Release|x64
		{9F5F2BA3-E113-4341-AB3C-F6479C7972A1}.Release|x86.ActiveCfg = Release|Win32
		{9F5F2BA3-E113-4341-AB3C-F6479C7972A1}.Release|x86.Build.0 = Release|Win32
		{2706D1C5-A60E-4A3C-9A2F-9C524D06EC44}.Debug|x64.ActiveCfg = Debug|x64
		{2706D1C5-A60E-4A3C-9A2F-9C524D06EC44}.Debug|x64.Build.0 = Debug|x64
		{2706D1C5-A60E-4A3C-9A2F-9C524D06EC44}.Debug|x86.ActiveCfg = Debug|Win32
		{2706D1C5-A60E-4A3C-9A2F-9C524D06EC44}.Debug|x86.Build.0 = Debug|Win32
		{2706D1C5-A60E-4A3C-9A2F-9C524D06EC44}.Release|x64.ActiveCfg = Release|x64
		{2706D1C5-A60E-4A3C-9A2F-9C524D06EC44}.Release|x64.Build.0 = Release|x64
		{2706D1C5-A60E-4A3C-9A2F-9C524D06EC44}.Release|x86.ActiveCfg = Release|Win32
		{2706D1C5-A60E-4A3C-9A2F-9C524D06EC44}.Release|x86.Build.0 = Release|Win32
		{461550E3-EE80-45C0-BAE3-B544D4EA45EC}.Debug|x64.ActiveCfg = Debug|x64
		{461550E3-EE80-45C0-BAE3-B544D4EA45EC}.Debug|x64.Build.0 = Debug|x64
		{461550E3-EE80-45C0-BAE3-B544D4EA45EC}.Debug|x86.ActiveCfg = Debug|Win32
		{461550E3-EE80-45C0-BAE3-B544D4EA45EC}.Debug|x86.Build.0 = Debug|Win32
		{461550E3-EE80-45C0-BAE3-B544D4EA45EC}.Release|x64.ActiveCfg = Release|x64
		{461550E3-EE80-45C0-BAE3-B544D4EA45EC}.Release|x64.Build.0 = Release|x64
		{461550E3-EE80-45C0-BAE3-B544D4EA45EC}.Release|x86.ActiveCfg = Release|Win32
		{461550E3-EE80-45C0-BAE3-B544D4EA45EC}.Release|x86.Build.0 = Release|Win32
		{26C8EA9E-3590-469F-8209-EC3191948CDB}.Debug|x64.ActiveCfg = Debug|x64
		{26C8EA9E-3590-469F-8209-EC3191948CDB}.Debug|x64.Build.0 = Debug|x64
		{26C8EA9E-3590-469F-8209-EC3191948CDB}.Debug|x86.ActiveCfg = Debug|Win32
		{26C8EA9E-3590-469F-8209-EC3191948CDB}.Debug|x86.Build.0 = Debug|Win32
		{26C8EA9E-3590-469F-8209-EC3191948CDB}.Release|x64.ActiveCfg = Release|x64
		{26C8EA9E-3590-469F-8209-EC3191948CDB}.Release|x64.Build.0 = Release|x64
		{26C8EA9E-3590-469F-8209-EC3191948CDB}.Release|x86.ActiveCfg = Release|Win32
		{26C8EA9E-3590-469F-8209-EC3191948CDB}.Release|x86.Build.0 = Release|Win32
		{605615B4-2248-49ED-ABE6-C2D9924C6315}.Debug|x64.ActiveCfg = Debug|x64
		{605615B4-2248-49ED-ABE6-C2D9924C6315}.Debug|x64.Build.0 = Debug|x64
		{605615B4-2248-49ED-ABE6-C2D9924C6315}.Debug|x86.ActiveCfg = Debug|Win32
		{605615B4-2248-49ED-ABE6-C2D9924C6315}.Debug|x86.Build.0 = Debug|Win32
		{605615B4-2248-49ED-ABE6-C2D9924C6315}.Release|x64.ActiveCfg = Release|x64
		{605615B4-2248-49ED-ABE6-C2D9924C6315}.Release|x64.Build.0 = Release|x64
		{605615B4-2248-49ED-ABE6-C2D9924C6315}.Release|x86.ActiveCfg = Release|Win32
		{605615B4-2248-49ED-ABE6-C2D9924C6315}.Release|x86.Build.0 = Release|Win32
		{01509C2C-7208-4279-B910-615EFFAE0910}.Debug|x64.ActiveCfg = Debug|x64
		{01509C2C-7208-4279-B910-615EFFAE0910}.Debug|x64.Build.0 = Debug|x64
		{01509C2C-7208-4279-B910-615EFFAE0910}.Debug|x86.ActiveCfg = Debug|Win32
		{01509C2C-7208-4279-B910-615EFFAE0910}.Debug|x86.Build.0 = Debug|Win32
		{01509C2C-7208-4279-B910-615EFFAE0910}.Release|x64.ActiveCfg = Release|x64
		{01509C2C-7208-4279-B910-615EFFAE0910}.Release|x64.Build.0 = Release|x64
		{01509C2C-7208-4279-B910-615EFFAE0910}.Release|x86.ActiveCfg = Release|Win32
		{01509C2C-7208-4279-B910-615EFFAE0910}.Release|x86.Build.0 = Release|Win32
		{4E497452-B476-4CC7-8011-9082236B83DD}.Debug|x64.ActiveCfg = Debug|x64
		{4E497452-B476-4CC7-8011-9082236B83DD}.Debug|x64.Build.0 = Debug|x64
		{4E497452-B476-4CC7-8011-9082236B83DD}.Debug|x86.ActiveCfg = Debug|Win32
		{4E497452-B476-4CC7-8011-9082236B83DD}.Debug|x86.Build.0 = Debug|Win32
		{4E497452-B476-4CC7-8011-9082236B83DD}.Release|x64.ActiveCfg = Release|x64
		{4E497452-B476-4CC7-8011-9082236B83DD}.Release|x64.Build.0 = Release|x64
		{4E497452-B476-4CC7-8011-9082236B83DD}.Release|x86.ActiveCfg = Release|Win32
		{4E497452-B476-4CC7-8011-9082236B83DD}.Release|x86.Build.0 = Release|Win32
		{7366C722-5DE5-412B-BA4A-2A7053C10ED1}.Debug|x64.ActiveCfg = Debug|x64
		{7366C722-5DE5-412B-BA4A-2A7053C10ED1}.Debug|x64.Build.0 = Debug|x64
		{7366C722-5DE5-412B-BA4A-2A7053C10ED1}.Debug|x86.ActiveCfg = Debug|Win32
		{7366C722-5DE5-412B-BA4A-2A7053C10ED1}.Debug|x86.Build.0 = Debug|Win32
		{7366C722-5DE5-412B-BA4A-2A7053C10ED1}.Release|x64.ActiveCfg = Release|x64
		{7366C722-5DE5-412B-BA4A-2A7053C10ED1}.Release|x64.Build.0 = Release|x64
		{7366C722-5DE5-412B-BA4A-2A7053C10ED1}.Release|x86.ActiveCfg = Release|Win32
		{7366C722-5DE5-412B-BA4A-2A7053C10ED1}.Release|x86.Build.0 = Release|Win32
		{8EC86975-9FAB-45B0-ADF4-A72D46651C5C}.Debug|x64.ActiveCfg = Debug|x64
		{8EC86975-9FAB-45B0-ADF4-A72D46651C5C}.Debug|x64.Build.0 = Debug|x64
		{8EC86975-9FAB-45B0-ADF4-A72D46651C5C}.Debug|x86.ActiveCfg = Debug|Win32
		{8EC86975-9FAB-45B0-ADF4-A72D46651C5C}.Debug|x86.Build.0 = Debug|Win32
		{8EC86975-9FAB-45B0-ADF4-A72D46651C5C}.Release|x64.ActiveCfg = Release|x64
		{8EC86975-9FAB-45B0-ADF4-A72D46651C5C}.Release|x64.Build.0 = Release|x64
		{8EC86975-9FAB-45B0-ADF4-A72D46651C5C}.Release|x86.ActiveCfg = Release|Win32
		{8EC86975-9FAB-45B0-ADF4-A72D46651C5C}.Release|x86.Build.0 = Release|Win32
		{9D694275-5239-4253-A796-1F4085CD1C19}.Debug|x64.ActiveCfg = Debug|x64
		{9D694275-5239-4253-A796-1F4085CD1C19}.Debug|x64.Build.0 = Debug|x64
		{9D694275-5239-4253-A796-1F4085CD1C19}.Debug|x86.ActiveCfg = Debug|Win32
		{9D694275-5239-4253-A796-1F4085CD1C19}.Debug|x86.Build.0 = Debug|Win32
		{9D694275-5239-4253-A796-1F4085CD1C19}.Release|x64.ActiveCfg = Release|x64
		{9D694275-5239-4253-A796-1F4085CD1C19}.Release|x64.Build.0 = Release|x64
		{9D694275-5239-4253-A796-1F4085CD1C19}.Release|x86.ActiveCfg = Release|Win32
		{9D694275-5239-4253-A796-1F4085CD1C19}.Release|x86.Build.0 = Release|Win32
		{1DCAA018-FACE-4310-A53A-0FD913AD1539}.Debug|x64.ActiveCfg = Debug|x64
		{1DCAA018-FACE-4310-A53A-0FD913AD1539}.Debug|x64.Build.0 = Debug|x64
		{1DCAA018-FACE-4310-A53A-0FD913AD1539}.Debug|x86.ActiveCfg = Debug|Win32
		{1DCAA018-FACE-4310-A53A-0FD913AD1539}.Debug|x86.Build.0 = Debug|Win32
		{1DCAA018-FACE-4310-A53A-0FD913AD1539}.Release|x64.ActiveCfg = Release|x64
		{1DCAA018-FACE-4310-A53A-0FD913AD1539}.Release|x64.Build.0 = Release|x64
		{1DCAA018-FACE-4310-A53A-0FD913AD1539}.Release|x86.ActiveCfg = Release|Win32
		{1DCAA018-FACE-4310-A53A-0FD913AD1539}.Release|x86.Build.0 = Release|Win32
		{10F64075-6736-491F-948A-55CA3A458EB3}.Debug|x64.ActiveCfg = Debug|x64
		{10F64075-6736-491F-948A-55CA3A458EB3}.Debug|x64.Build.0 = Debug|x64
		{10F64075-6736-491F-948A-55CA3A458EB3}.Debug|x86.ActiveCfg = Debug|Win32
		{10F64075-6736-491F-948A-55CA3A458EB3}.Debug|x86.Build.0 = Debug|Win32
		{10F64075-6736-491F-948A-55CA3A458EB3}.Release|x64.ActiveCfg = Release|x64
		{10F64075-6736-491F-948A-55CA3A458EB3}.Release|x64.Build.0 = Release|x64
		{10F64075-6736-491F-948A-55CA3A458EB3}.Release|x86.ActiveCfg = Release|Win32
		{10F64075-6736-491F-948A-55CA3A458EB3}.Release|x86.Build.0 = Release|Win32
		{6236EA1D-0D83-4F0C-AD69-7A14D0D4CEE6}.Debug|x64.ActiveCfg = Debug|x64
		{6236EA1D-0D83-4F0C-AD69-7A14D0D4CEE6}.Debug|x64.Build.0 = Debug|x64
		{6236EA1D-0D83-4F0C-AD69-7A14D0D4CEE6}.Debug|x86.ActiveCfg = Debug|Win32
		{6236EA1D-0D83-4F0C-AD69-7A14D0D4CEE6}.Debug|x86.Build.0 = Debug|Win32
		{6236EA1D-0D83-4F0C-AD69-7A14D0D4CEE6}.Release|x64.ActiveCfg = Release|x64
		{6236EA1D-0D83-4F0C-AD69-7A14D0D4CEE6}.Release|x64.Build.0 = Release|x64
		{6236EA1D-0D83-4F0C-AD69-7A14D0D4CEE6}.Release|x86.ActiveCfg = Release|Win32
		{6236EA1D-0D83-4F0C-AD69-7A14D0D4CEE6}.Release|x86.Build.0 = Release|Win32
		{F5B2C89B-3D35-455F-9B9A-C2DCE17C2D7E}.Debug|x64.ActiveCfg = Debug|x64
		{F5B2C89B-3D35-455F-9B9A-C2DCE17C2D7E}.Debug|x64.Build.0 = Debug|x64
		{F5B2C89B-3D35-455F-9B9A-C2DCE17C2D7E}.Debug|x86.ActiveCfg = Debug|Win32
		{F5B2C89B-3D35-455F-9B9A-C2DCE17C2D7E}.Debug|x86.Build.0 = Debug|Win32
		{F5B2C89B-3D35-455F-9B9A-C2DCE17C2D7E}.Release|x64.ActiveCfg = Release|x64
		{F5B2C89B-3D35-455F-9B9A-C2DCE17C2D7E}.Release|x64.Build.0 = Release|x64
		{F5B2C89B-3D35-455F-9B9A-C2DCE17C2D7E}.Release|x86.ActiveCfg = Release|Win32
		{F5B2C89B-3D35-455F-9B9A-C2DCE17C2D7E}.Release|x86.Build.0 = Release|Win32
		{6EFDA07B-30BC-49B6-9213-7726C4E0BAD4}.Debug|x64.ActiveCfg = Debug|x64
		{6EFDA07B-30BC-49B6-9213-7726C4E0BAD4}.Debug|x64.Build.0 = Debug|x64
		{6EFDA07B-30BC-49B6-9213-7726C4E0BAD4}.Debug|x86.ActiveCfg = Debug|Win32
		{6EFDA07B-30BC-49B6-9213-7726C4E0BAD4}.Debug|x86.Build.0 = Debug|Win32
		{6EFDA07B-30BC-49B6-9213-7726C4E0BAD4}.Release|x64.ActiveCfg = Release|x64
		{6EFDA07B-30BC-49B6-9213-7726C4E0BAD4}.Release|x64.Build.0 = Release|x64
		{6EFDA07B-30BC-49B6-9213-7726C4E0BAD4}.Release|x86.ActiveCfg = Release|Win32
		{6EFDA07B-30BC-49B6-9213-7726C4E0BAD4}.Release|x86.Build.0 = Release|Win32
		{4329655D-B80B-4530-AA9F-74BEC290A4FD}.Debug|x64.ActiveCfg = Debug|x64
		{4329655D-B80B-4530-AA9F-74BEC290A4FD}.Debug|x64.Build.0 = Debug|x64
		{4329655D-B80B-4530-AA9F-74BEC290A4FD}.Debug|x86.ActiveCfg = Debug|Win32
		{4329655D-B80B-4530-AA9F-74BEC290A4FD}.Debug|x86.Build.0 = Debug|Win32
		{4329655D-B80B-4530-AA9F-74BEC290A4FD}.Release|x64.ActiveCfg = Release|x64
		{4329655D-B80B-4530-AA9F-74BEC290A4FD}.Release|x64.Build.0 = Release|x64
		{4329655D-B80B-4530-AA9F-74BEC290A4FD}.Release|x86.ActiveCfg = Release|Win32
		{4329655D-B80B-4530-AA9F-74BEC290A4FD}.Release|x86.Build.0 = Release|Win32
		{FA38993A-02CA-4240-8F1D-60E0AFDE1E82}.Debug|x64.ActiveCfg = Debug|x64
		{FA38993A-02CA-4240-8F1D-60E0AFDE1E82}.Debug|x64.Build.0 = Debug|x64
		{FA38993A-02CA-4240-8F1D-60E0AFDE1E82}.Debug|x86.ActiveCfg = Debug|Win32
		{FA38993A-02CA-4240-8F1D-60E0AFDE1E82}.Debug|x86.Build.0 = Debug|Win32
		{FA38993A-02CA-4240-8F1D-60E0AFDE1E82}.Release|x64.ActiveCfg = Release|x64
		{FA38993A-02CA-4240-8F1D-60E0AFDE1E82}.Release|x64.Build.0 = Release|x64
		{FA38993A-02CA-4240-8F1D-60E0AFDE1E82}.Release|x86.ActiveCfg = Release|Win32
		{FA38993A-02CA-4240-8F1D-60E0AFDE1E82}.Release|x86.Build.0 = Release|Win32
		{B85B889F-5B82-49E8-B8E1-2EEE45E1E6FC}.Debug|x64.ActiveCfg = Debug|x64
		{B85B889F-5B82-49E8-B8E1-2EEE45E1E6FC}.Debug|x64.Build.0 = Debug|x64
		{B85B889F-5B82-49E8-B8E1-2EEE45E1E6FC}.Debug|x86.ActiveCfg = Debug|Win32
		{B85B889F-5B82-49E8-B8E1-2EEE45E1E6FC}.Debug|x86.Build.0 = Debug|Win32
		{B85B889F-5B82-49E8-B8E1-2EEE45E1E6FC}.Release|x64.ActiveCfg = Release|x64
		{B85B889F-5B82-49E8-B8E1-2EEE45E1E6FC}.Release|x64.Build.0 = Release|x64
		{B85B889F-5B82-49E8-B8E1-2EEE45E1E6FC}.Release|x86.ActiveCfg = Release|Win32
		{B85B889F-5B82-49E8-B8E1-2EEE45E1E6FC}.Release|x86.Build.0 = Release|Win32
		{990F1E67-36E4-4EF9-B59B-186A4C8D9E0D}.Debug|x64.ActiveCfg = Debug|x64
		{990F1E67-36E4-4EF9-B59B-186A4C8D9E0D}.Debug|x64.Build.0 = Debug|x64
		{990F1E67-36E4-4EF9-B59B-186A4C8D9E0D}.Debug|x86.ActiveCfg = Debug|Win32
		{990F1E67-36E4-4EF9-B59B-186A4C8D9E0D}.Debug|x86.Build.0 = Debug|Win32
		{990F1E67-36E4-4EF9-B59B-186A4C8D9E0D}.Release|x64.ActiveCfg = Release|x64
		{990F1E67-36E4-4EF9-B59B-186A4C8D9E0D}.Release|x64.Build.0 = Release|x64
		{990F1E67-36E4-4EF9-B59B-186A4C8D9E0D}.Release|x86.ActiveCfg = Release|Win32
		{990F1E67-36E4-4EF9-B59B-186A4C8D9E0D}.Release|x86.Build.0 = Release|Win32
		{88E70BF8-6D66-48D7-A6A0-048200DD00C1}.Debug|x64.ActiveCfg = Debug|x64
		{88E70BF8-6D66-48D7-A6A0-048200DD00C1}.Debug|x64.Build.0 = Debug|x64
		{88E70BF8-6D66-48D7-A6A0-048200DD00C1}.Debug|x86.ActiveCfg = Debug|Win32
		{88E70BF8-6D66-48D7-A6A0-048200DD00C1}.Debug|x86.Build.0 = Debug|Win32
		{88E70BF8-6D66-48D7-A6A0-048200DD00C1}.Release|x64.ActiveCfg = Release|x64
		{88E70BF8-6D66-48D7-A6A0-048200DD00C1}.Release|x64.Build.0 = Release|x64
		{88E70BF8-6D66-48D7-A6A0-048200DD00C1}.Release|x86.ActiveCfg = Release|Win32
		{88E70BF8-6D66-48D7-A6A0-048200DD00C1}.Release|x86.Build.0 = Release|Win32
		{7471A2D0-984C-470B-9BE6-5BF782A02EDC}.Debug|x64.ActiveCfg = Debug|x64
		{7471A2D0-984C-470B-9BE6-5BF782A02EDC}.Debug|x64.Build.0 = Debug|x64
		{7471A2D0-984C-470B-9BE6-5BF782A02EDC}.Debug|x86.ActiveCfg = Debug|Win32
		{7471A2D0-984C-470B-9BE6-5BF782A02EDC}.Debug|x86.Build.0 = Debug|Win32
		{7471A2D0-984C-470B-9BE6-5BF782A02EDC}.Release|x64.ActiveCfg = Release|x64
		{7471A2D0-984C-470B-9BE6-5BF782A02EDC}.Release|x64.Build.0 = Release|x64
		{7471A2D0-984C-470B-9BE6-5BF782A02EDC}.Release|x86.ActiveCfg = Release|Win32
		{7471A2D0-984C-470B-9BE6-5BF782A02EDC}.Release|x86.Build.0 = Release|Win32
		{428ECEE3-911D-4E59-A075-7FF5A6AD96C5}.Debug|x64.ActiveCfg = Debug|x64
		{428ECEE3-911D-4E59-A075-7FF5A6AD96C5}.Debug|x64.Build.0 = Debug|x64
		{428ECEE3-911D-4E59-A075-7FF5A6AD96C5}.Debug|x86.ActiveCfg = Debug|Win32
		{428ECEE3-911D-4E59-A075-7FF5A6AD96C5}.Debug|x86.Build.0 = Debug|Win32
		{428ECEE3-911D-4E59-A075-7FF5A6AD96C5}.Release|x64.ActiveCfg = Release|x64
		{428ECEE3-911D-4E59-A075-7FF5A6AD96C5}.Release|x64.Build.0 = Release|x64
		{428ECEE3-911D-4E59-A075-7FF5A6AD96C5}.Release|x86.ActiveCfg = Release|Win32
		{428ECEE3-911D-4E59-A075-7FF5A6AD96C5}.Release|x86.Build.0 = Release|Win32
		{F48A4CF8-A0D3-4E65-AC27-77532DDA7A48}.Debug|x64.ActiveCfg = Debug|x64
		{F48A4CF8-A0D3-4E65-AC27-77532DDA7A48}.Debug|x64.Build.0 = Debug|x64
		{F48A4CF8-A0D3-4E65-AC27-77532DDA7A48}.Debug|x86.ActiveCfg = Debug|Win32
		{F48A4CF8-A0D3-4E65-AC27-77532DDA7A48}.Debug|x86.Build.0 = Debug|Win32
		{F48A4CF8-A0D3-4E65-AC27-77532DDA7A48}.Release|x64.ActiveCfg = Release|x64
		{F48A4CF8-A0D3-4E65-AC27-77532DDA7A48}.Release|x64.Build.0 = Release|x64
		{F48A4CF8-A0D3-4E65-AC27-77532DDA7A48}.Release|x86.ActiveCfg = Release|Win32
		{F48A4CF8-A0D3-4E65-AC27-77532DDA7A48}.Release|x86.Build.0 = Release|Win32
		{810602A4-2041-4235-8119-B5A228F97778}.Debug|x64.ActiveCfg = Debug|x64
		{810602A4-2041-4235-8119-B5A228F97778}.Debug|x64.Build.0 = Debug|x64
		{810602A4-2041-4235-8119-B5A228F97778}.Debug|x86.ActiveCfg = Debug|Win32
		{810602A4-2041-4235-8119-B5A228F97778}.Debug|x86.Build.0 = Debug|Win32
		{810602A4-2041-4235-8119-B5A228F97778}.Release|x64.ActiveCfg = Release|x64
		{810602A4-2041-4235-8119-B5A228F97778}.Release|x64.Build.0 = Release|x64
		{810602A4-2041-4235-8119-B5A228F97778}.Release|x86.ActiveCfg = Release|Win32
		{810602A4-2041-4235-8119-B5A228F97778}.Release|x86.Build.0 = Release|Win32
		{9272050E-DF0C-40ED-8342-0387E310C8F5}.Debug|x64.ActiveCfg = Debug|x64
		{9272050E-DF0C-40ED-8342-0387E310C8F5}.Debug|x64.Build.0 = Debug|x64
		{9272050E-DF0C-40ED-8342-0387E310C8F5}.Debug|x86.ActiveCfg = Debug|Win32
		{9272050E-DF0C-40ED-8342-0387E310C8F5}.Debug|x86.Build.0 = Debug|Win32
		{9272050E-DF0C-40ED-8342-0387E310C8F5}.Release|x64.ActiveCfg = Release|x64
		{9272050E-DF0C-40ED-8342-0387E310C8F5}.Release|x64.Build.0 = Release|x64
		{9272050E-DF0C-40ED-8342-0387E310C8F5}.Release|x86.ActiveCfg = Release|Win32
		{9272050E-DF0C-40ED-8342-0387E310C8F5}.Release|x86.Build.0 = Release|Win32
	EndGlobalSection
	GlobalSection(SolutionProperties) = preSolution
		HideSolutionNode = FALSE
	EndGlobalSection
	GlobalSection(ExtensibilityGlobals) = postSolution
		SolutionGuid = {52D3EAB7-839B-477E-A53C-FBF962C3595E}
	EndGlobalSection
EndGlobal
